// !$*UTF8*$!
{
	archiveVersion = 1;
	classes = {
	};
	objectVersion = 51;
	objects = {

/* Begin PBXBuildFile section */
		6550DBB222C41FE200E67E11 /* Buffer.m in Sources */ = {isa = PBXBuildFile; fileRef = 6550DB2C22C41FE100E67E11 /* Buffer.m */; };
		6550DBB322C41FE200E67E11 /* PipelineState.m in Sources */ = {isa = PBXBuildFile; fileRef = 6550DB2D22C41FE100E67E11 /* PipelineState.m */; };
		6550DBB422C41FE200E67E11 /* CommandQueue.m in Sources */ = {isa = PBXBuildFile; fileRef = 6550DB2E22C41FE100E67E11 /* CommandQueue.m */; };
		6550DBB522C41FE200E67E11 /* PixelFormat.m in Sources */ = {isa = PBXBuildFile; fileRef = 6550DB2F22C41FE100E67E11 /* PixelFormat.m */; };
		6550DBB622C41FE200E67E11 /* Shaders.metal in Sources */ = {isa = PBXBuildFile; fileRef = 6550DB3022C41FE100E67E11 /* Shaders.metal */; };
		6550DBB722C41FE200E67E11 /* Function.m in Sources */ = {isa = PBXBuildFile; fileRef = 6550DB3122C41FE100E67E11 /* Function.m */; };
		6550DBB822C41FE200E67E11 /* Cmd.m in Sources */ = {isa = PBXBuildFile; fileRef = 6550DB3322C41FE100E67E11 /* Cmd.m */; };
		6550DBB922C41FE200E67E11 /* Primitive.m in Sources */ = {isa = PBXBuildFile; fileRef = 6550DB3422C41FE100E67E11 /* Primitive.m */; };
		6550DBBA22C41FE200E67E11 /* CommandEncoder.m in Sources */ = {isa = PBXBuildFile; fileRef = 6550DB3522C41FE100E67E11 /* CommandEncoder.m */; };
		6550DBBB22C41FE200E67E11 /* Device.m in Sources */ = {isa = PBXBuildFile; fileRef = 6550DB3622C41FE100E67E11 /* Device.m */; };
		6550DBBC22C41FE200E67E11 /* View.m in Sources */ = {isa = PBXBuildFile; fileRef = 6550DB3722C41FE100E67E11 /* View.m */; };
		6550DBBD22C41FE200E67E11 /* CommandBuffer.m in Sources */ = {isa = PBXBuildFile; fileRef = 6550DB3822C41FE100E67E11 /* CommandBuffer.m */; };
		6550DBC922C41FE200E67E11 /* Manager.c in Sources */ = {isa = PBXBuildFile; fileRef = 6550DB4D22C41FE200E67E11 /* Manager.c */; };
		6550DBCD22C41FE200E67E11 /* Manager.c in Sources */ = {isa = PBXBuildFile; fileRef = 6550DB5822C41FE200E67E11 /* Manager.c */; };
		6550DBCE22C41FE200E67E11 /* Camera.c in Sources */ = {isa = PBXBuildFile; fileRef = 6550DB5922C41FE200E67E11 /* Camera.c */; };
		6550DBCF22C41FE200E67E11 /* Layout.c in Sources */ = {isa = PBXBuildFile; fileRef = 6550DB5B22C41FE200E67E11 /* Layout.c */; };
		6550DBD122C41FE200E67E11 /* Vector.c in Sources */ = {isa = PBXBuildFile; fileRef = 6550DB5E22C41FE200E67E11 /* Vector.c */; };
		6550DBD522C41FE200E67E11 /* Manager.c in Sources */ = {isa = PBXBuildFile; fileRef = 6550DB6522C41FE200E67E11 /* Manager.c */; };
		6550DBD622C41FE200E67E11 /* ViewMatrix.c in Sources */ = {isa = PBXBuildFile; fileRef = 6550DB6722C41FE200E67E11 /* ViewMatrix.c */; };
		6550DBD922C41FE200E67E11 /* Vector.c in Sources */ = {isa = PBXBuildFile; fileRef = 6550DB6B22C41FE200E67E11 /* Vector.c */; };
		6550DBDB22C41FE200E67E11 /* Manager.c in Sources */ = {isa = PBXBuildFile; fileRef = 6550DB6F22C41FE200E67E11 /* Manager.c */; };
		6550DBDC22C41FE200E67E11 /* Grid.c in Sources */ = {isa = PBXBuildFile; fileRef = 6550DB7122C41FE200E67E11 /* Grid.c */; };
		6550DBE022C41FE200E67E11 /* Quad.c in Sources */ = {isa = PBXBuildFile; fileRef = 6550DB7A22C41FE200E67E11 /* Quad.c */; };
		6550DBE122C41FE200E67E11 /* main.c in Sources */ = {isa = PBXBuildFile; fileRef = 6550DB7B22C41FE200E67E11 /* main.c */; };
		6550DBE322C41FE200E67E11 /* Mesh.c in Sources */ = {isa = PBXBuildFile; fileRef = 6550DB7F22C41FE200E67E11 /* Mesh.c */; };
		6550DBE422C41FE200E67E11 /* Log.m in Sources */ = {isa = PBXBuildFile; fileRef = 6550DB8322C41FE200E67E11 /* Log.m */; };
		6550DBEA22C41FE200E67E11 /* Manager.c in Sources */ = {isa = PBXBuildFile; fileRef = 6550DB8A22C41FE200E67E11 /* Manager.c */; };
		6550DBF222C41FE200E67E11 /* Screen.m in Sources */ = {isa = PBXBuildFile; fileRef = 6550DB9A22C41FE200E67E11 /* Screen.m */; };
		6550DBF322C41FE200E67E11 /* EventLoop.m in Sources */ = {isa = PBXBuildFile; fileRef = 6550DB9C22C41FE200E67E11 /* EventLoop.m */; };
		6550DBF422C41FE200E67E11 /* Clock.c in Sources */ = {isa = PBXBuildFile; fileRef = 6550DB9D22C41FE200E67E11 /* Clock.c */; };
		6550DBF622C41FE200E67E11 /* Application.m in Sources */ = {isa = PBXBuildFile; fileRef = 6550DB9F22C41FE200E67E11 /* Application.m */; };
		6550DBF722C41FE200E67E11 /* Window.m in Sources */ = {isa = PBXBuildFile; fileRef = 6550DBA022C41FE200E67E11 /* Window.m */; };
		6550DBF922C41FE200E67E11 /* EventQueue.c in Sources */ = {isa = PBXBuildFile; fileRef = 6550DBA222C41FE200E67E11 /* EventQueue.c */; };
		6550DBFC22C41FE200E67E11 /* Manager.c in Sources */ = {isa = PBXBuildFile; fileRef = 6550DBA622C41FE200E67E11 /* Manager.c */; };
		6550DC0022C41FE200E67E11 /* Manager.c in Sources */ = {isa = PBXBuildFile; fileRef = 6550DBAF22C41FE200E67E11 /* Manager.c */; };
		656A1126228DFA2800DCAD49 /* MetalKit.framework in Frameworks */ = {isa = PBXBuildFile; fileRef = 656A1125228DFA2800DCAD49 /* MetalKit.framework */; };
		659AAF9822C53FDE00D66260 /* RenderPassConfig.m in Sources */ = {isa = PBXBuildFile; fileRef = 659AAF9722C53FDD00D66260 /* RenderPassConfig.m */; };
		65D0F0CD22C563A9005F63DB /* Renderer.c in Sources */ = {isa = PBXBuildFile; fileRef = 65D0F0CC22C563A9005F63DB /* Renderer.c */; };
		65DA5D9A22BD9B9E005FB5F1 /* Assets.xcassets in Resources */ = {isa = PBXBuildFile; fileRef = 65DA5D9722BD9B9E005FB5F1 /* Assets.xcassets */; };
/* End PBXBuildFile section */

/* Begin PBXFileReference section */
		652F0EEA228DE72B00238560 /* Spacetime.app */ = {isa = PBXFileReference; explicitFileType = wrapper.application; includeInIndex = 0; path = Spacetime.app; sourceTree = BUILT_PRODUCTS_DIR; };
		6550DB2522C41FE100E67E11 /* Primitive.h */ = {isa = PBXFileReference; fileEncoding = 4; lastKnownFileType = sourcecode.c.h; path = Primitive.h; sourceTree = "<group>"; };
		6550DB2722C41FE100E67E11 /* Device.h */ = {isa = PBXFileReference; fileEncoding = 4; lastKnownFileType = sourcecode.c.h; path = Device.h; sourceTree = "<group>"; };
		6550DB2822C41FE100E67E11 /* RenderPassConfig.h */ = {isa = PBXFileReference; fileEncoding = 4; lastKnownFileType = sourcecode.c.h; path = RenderPassConfig.h; sourceTree = "<group>"; };
		6550DB2B22C41FE100E67E11 /* Primitive.h */ = {isa = PBXFileReference; fileEncoding = 4; lastKnownFileType = sourcecode.c.h; path = Primitive.h; sourceTree = "<group>"; };
		6550DB2C22C41FE100E67E11 /* Buffer.m */ = {isa = PBXFileReference; fileEncoding = 4; lastKnownFileType = sourcecode.c.objc; path = Buffer.m; sourceTree = "<group>"; };
		6550DB2D22C41FE100E67E11 /* PipelineState.m */ = {isa = PBXFileReference; fileEncoding = 4; lastKnownFileType = sourcecode.c.objc; path = PipelineState.m; sourceTree = "<group>"; };
		6550DB2E22C41FE100E67E11 /* CommandQueue.m */ = {isa = PBXFileReference; fileEncoding = 4; lastKnownFileType = sourcecode.c.objc; path = CommandQueue.m; sourceTree = "<group>"; };
		6550DB2F22C41FE100E67E11 /* PixelFormat.m */ = {isa = PBXFileReference; fileEncoding = 4; lastKnownFileType = sourcecode.c.objc; path = PixelFormat.m; sourceTree = "<group>"; };
		6550DB3022C41FE100E67E11 /* Shaders.metal */ = {isa = PBXFileReference; fileEncoding = 4; lastKnownFileType = sourcecode.metal; path = Shaders.metal; sourceTree = "<group>"; };
		6550DB3122C41FE100E67E11 /* Function.m */ = {isa = PBXFileReference; fileEncoding = 4; lastKnownFileType = sourcecode.c.objc; path = Function.m; sourceTree = "<group>"; };
		6550DB3222C41FE100E67E11 /* View.h */ = {isa = PBXFileReference; fileEncoding = 4; lastKnownFileType = sourcecode.c.h; path = View.h; sourceTree = "<group>"; };
		6550DB3322C41FE100E67E11 /* Cmd.m */ = {isa = PBXFileReference; fileEncoding = 4; lastKnownFileType = sourcecode.c.objc; path = Cmd.m; sourceTree = "<group>"; };
		6550DB3422C41FE100E67E11 /* Primitive.m */ = {isa = PBXFileReference; fileEncoding = 4; lastKnownFileType = sourcecode.c.objc; path = Primitive.m; sourceTree = "<group>"; };
		6550DB3522C41FE100E67E11 /* CommandEncoder.m */ = {isa = PBXFileReference; fileEncoding = 4; lastKnownFileType = sourcecode.c.objc; path = CommandEncoder.m; sourceTree = "<group>"; };
		6550DB3622C41FE100E67E11 /* Device.m */ = {isa = PBXFileReference; fileEncoding = 4; lastKnownFileType = sourcecode.c.objc; path = Device.m; sourceTree = "<group>"; };
		6550DB3722C41FE100E67E11 /* View.m */ = {isa = PBXFileReference; fileEncoding = 4; lastKnownFileType = sourcecode.c.objc; path = View.m; sourceTree = "<group>"; };
		6550DB3822C41FE100E67E11 /* CommandBuffer.m */ = {isa = PBXFileReference; fileEncoding = 4; lastKnownFileType = sourcecode.c.objc; path = CommandBuffer.m; sourceTree = "<group>"; };
		6550DB3922C41FE100E67E11 /* PixelFormat.h */ = {isa = PBXFileReference; fileEncoding = 4; lastKnownFileType = sourcecode.c.h; path = PixelFormat.h; sourceTree = "<group>"; };
		6550DB3A22C41FE100E67E11 /* CommandEncoder.h */ = {isa = PBXFileReference; fileEncoding = 4; lastKnownFileType = sourcecode.c.h; path = CommandEncoder.h; sourceTree = "<group>"; };
		6550DB3C22C41FE100E67E11 /* Manager.h */ = {isa = PBXFileReference; fileEncoding = 4; lastKnownFileType = sourcecode.c.h; path = Manager.h; sourceTree = "<group>"; };
		6550DB4122C41FE100E67E11 /* CommandBuffer.h */ = {isa = PBXFileReference; fileEncoding = 4; lastKnownFileType = sourcecode.c.h; path = CommandBuffer.h; sourceTree = "<group>"; };
		6550DB4422C41FE100E67E11 /* View.h */ = {isa = PBXFileReference; fileEncoding = 4; lastKnownFileType = sourcecode.c.h; path = View.h; sourceTree = "<group>"; };
		6550DB4522C41FE100E67E11 /* ShaderTypes.h */ = {isa = PBXFileReference; fileEncoding = 4; lastKnownFileType = sourcecode.c.h; path = ShaderTypes.h; sourceTree = "<group>"; };
		6550DB4722C41FE100E67E11 /* Buffer.h */ = {isa = PBXFileReference; fileEncoding = 4; lastKnownFileType = sourcecode.c.h; path = Buffer.h; sourceTree = "<group>"; };
		6550DB4922C41FE200E67E11 /* PipelineState.h */ = {isa = PBXFileReference; fileEncoding = 4; lastKnownFileType = sourcecode.c.h; path = PipelineState.h; sourceTree = "<group>"; };
		6550DB4D22C41FE200E67E11 /* Manager.c */ = {isa = PBXFileReference; fileEncoding = 4; lastKnownFileType = sourcecode.c.c; path = Manager.c; sourceTree = "<group>"; };
		6550DB4E22C41FE200E67E11 /* CommandQueue.h */ = {isa = PBXFileReference; fileEncoding = 4; lastKnownFileType = sourcecode.c.h; path = CommandQueue.h; sourceTree = "<group>"; };
		6550DB4F22C41FE200E67E11 /* Cmd.h */ = {isa = PBXFileReference; fileEncoding = 4; lastKnownFileType = sourcecode.c.h; path = Cmd.h; sourceTree = "<group>"; };
		6550DB5122C41FE200E67E11 /* Function.h */ = {isa = PBXFileReference; fileEncoding = 4; lastKnownFileType = sourcecode.c.h; path = Function.h; sourceTree = "<group>"; };
		6550DB5222C41FE200E67E11 /* PixelFormat.h */ = {isa = PBXFileReference; fileEncoding = 4; lastKnownFileType = sourcecode.c.h; path = PixelFormat.h; sourceTree = "<group>"; };
		6550DB5422C41FE200E67E11 /* Camera.h */ = {isa = PBXFileReference; fileEncoding = 4; lastKnownFileType = sourcecode.c.h; path = Camera.h; sourceTree = "<group>"; };
		6550DB5522C41FE200E67E11 /* Manager.h */ = {isa = PBXFileReference; fileEncoding = 4; lastKnownFileType = sourcecode.c.h; path = Manager.h; sourceTree = "<group>"; };
		6550DB5822C41FE200E67E11 /* Manager.c */ = {isa = PBXFileReference; fileEncoding = 4; lastKnownFileType = sourcecode.c.c; path = Manager.c; sourceTree = "<group>"; };
		6550DB5922C41FE200E67E11 /* Camera.c */ = {isa = PBXFileReference; fileEncoding = 4; lastKnownFileType = sourcecode.c.c; path = Camera.c; sourceTree = "<group>"; };
		6550DB5B22C41FE200E67E11 /* Layout.c */ = {isa = PBXFileReference; fileEncoding = 4; lastKnownFileType = sourcecode.c.c; path = Layout.c; sourceTree = "<group>"; };
		6550DB5D22C41FE200E67E11 /* Viewport.h */ = {isa = PBXFileReference; fileEncoding = 4; lastKnownFileType = sourcecode.c.h; path = Viewport.h; sourceTree = "<group>"; };
		6550DB5E22C41FE200E67E11 /* Vector.c */ = {isa = PBXFileReference; fileEncoding = 4; lastKnownFileType = sourcecode.c.c; path = Vector.c; sourceTree = "<group>"; };
		6550DB5F22C41FE200E67E11 /* Manager.h */ = {isa = PBXFileReference; fileEncoding = 4; lastKnownFileType = sourcecode.c.h; path = Manager.h; sourceTree = "<group>"; };
		6550DB6122C41FE200E67E11 /* ViewMatrix.h */ = {isa = PBXFileReference; fileEncoding = 4; lastKnownFileType = sourcecode.c.h; path = ViewMatrix.h; sourceTree = "<group>"; };
		6550DB6322C41FE200E67E11 /* Layout.h */ = {isa = PBXFileReference; fileEncoding = 4; lastKnownFileType = sourcecode.c.h; path = Layout.h; sourceTree = "<group>"; };
		6550DB6522C41FE200E67E11 /* Manager.c */ = {isa = PBXFileReference; fileEncoding = 4; lastKnownFileType = sourcecode.c.c; path = Manager.c; sourceTree = "<group>"; };
		6550DB6622C41FE200E67E11 /* Vector.h */ = {isa = PBXFileReference; fileEncoding = 4; lastKnownFileType = sourcecode.c.h; path = Vector.h; sourceTree = "<group>"; };
		6550DB6722C41FE200E67E11 /* ViewMatrix.c */ = {isa = PBXFileReference; fileEncoding = 4; lastKnownFileType = sourcecode.c.c; path = ViewMatrix.c; sourceTree = "<group>"; };
		6550DB6B22C41FE200E67E11 /* Vector.c */ = {isa = PBXFileReference; fileEncoding = 4; lastKnownFileType = sourcecode.c.c; path = Vector.c; sourceTree = "<group>"; };
		6550DB6C22C41FE200E67E11 /* Manager.h */ = {isa = PBXFileReference; fileEncoding = 4; lastKnownFileType = sourcecode.c.h; path = Manager.h; sourceTree = "<group>"; };
		6550DB6D22C41FE200E67E11 /* Grid.h */ = {isa = PBXFileReference; fileEncoding = 4; lastKnownFileType = sourcecode.c.h; path = Grid.h; sourceTree = "<group>"; };
		6550DB6F22C41FE200E67E11 /* Manager.c */ = {isa = PBXFileReference; fileEncoding = 4; lastKnownFileType = sourcecode.c.c; path = Manager.c; sourceTree = "<group>"; };
		6550DB7022C41FE200E67E11 /* Vector.h */ = {isa = PBXFileReference; fileEncoding = 4; lastKnownFileType = sourcecode.c.h; path = Vector.h; sourceTree = "<group>"; };
		6550DB7122C41FE200E67E11 /* Grid.c */ = {isa = PBXFileReference; fileEncoding = 4; lastKnownFileType = sourcecode.c.c; path = Grid.c; sourceTree = "<group>"; };
		6550DB7222C41FE200E67E11 /* Spacetime.h */ = {isa = PBXFileReference; fileEncoding = 4; lastKnownFileType = sourcecode.c.h; path = Spacetime.h; sourceTree = "<group>"; };
		6550DB7522C41FE200E67E11 /* Quad.h */ = {isa = PBXFileReference; fileEncoding = 4; lastKnownFileType = sourcecode.c.h; path = Quad.h; sourceTree = "<group>"; };
		6550DB7622C41FE200E67E11 /* Bit.h */ = {isa = PBXFileReference; fileEncoding = 4; lastKnownFileType = sourcecode.c.h; path = Bit.h; sourceTree = "<group>"; };
		6550DB7822C41FE200E67E11 /* Basic.h */ = {isa = PBXFileReference; fileEncoding = 4; lastKnownFileType = sourcecode.c.h; path = Basic.h; sourceTree = "<group>"; };
		6550DB7A22C41FE200E67E11 /* Quad.c */ = {isa = PBXFileReference; fileEncoding = 4; lastKnownFileType = sourcecode.c.c; path = Quad.c; sourceTree = "<group>"; };
		6550DB7B22C41FE200E67E11 /* main.c */ = {isa = PBXFileReference; fileEncoding = 4; lastKnownFileType = sourcecode.c.c; path = main.c; sourceTree = "<group>"; };
		6550DB7D22C41FE200E67E11 /* Mesh.h */ = {isa = PBXFileReference; fileEncoding = 4; lastKnownFileType = sourcecode.c.h; path = Mesh.h; sourceTree = "<group>"; };
		6550DB7F22C41FE200E67E11 /* Mesh.c */ = {isa = PBXFileReference; fileEncoding = 4; lastKnownFileType = sourcecode.c.c; path = Mesh.c; sourceTree = "<group>"; };
		6550DB8122C41FE200E67E11 /* Manager.h */ = {isa = PBXFileReference; fileEncoding = 4; lastKnownFileType = sourcecode.c.h; path = Manager.h; sourceTree = "<group>"; };
		6550DB8322C41FE200E67E11 /* Log.m */ = {isa = PBXFileReference; fileEncoding = 4; lastKnownFileType = sourcecode.c.objc; path = Log.m; sourceTree = "<group>"; };
		6550DB8722C41FE200E67E11 /* Log.h */ = {isa = PBXFileReference; fileEncoding = 4; lastKnownFileType = sourcecode.c.h; path = Log.h; sourceTree = "<group>"; };
		6550DB8A22C41FE200E67E11 /* Manager.c */ = {isa = PBXFileReference; fileEncoding = 4; lastKnownFileType = sourcecode.c.c; path = Manager.c; sourceTree = "<group>"; };
		6550DB9022C41FE200E67E11 /* EventQueue.h */ = {isa = PBXFileReference; fileEncoding = 4; lastKnownFileType = sourcecode.c.h; path = EventQueue.h; sourceTree = "<group>"; };
		6550DB9222C41FE200E67E11 /* Event.h */ = {isa = PBXFileReference; fileEncoding = 4; lastKnownFileType = sourcecode.c.h; path = Event.h; sourceTree = "<group>"; };
		6550DB9322C41FE200E67E11 /* Application.h */ = {isa = PBXFileReference; fileEncoding = 4; lastKnownFileType = sourcecode.c.h; path = Application.h; sourceTree = "<group>"; };
		6550DB9522C41FE200E67E11 /* Manager.h */ = {isa = PBXFileReference; fileEncoding = 4; lastKnownFileType = sourcecode.c.h; path = Manager.h; sourceTree = "<group>"; };
		6550DB9622C41FE200E67E11 /* Window.h */ = {isa = PBXFileReference; fileEncoding = 4; lastKnownFileType = sourcecode.c.h; path = Window.h; sourceTree = "<group>"; };
		6550DB9922C41FE200E67E11 /* Application.h */ = {isa = PBXFileReference; fileEncoding = 4; lastKnownFileType = sourcecode.c.h; path = Application.h; sourceTree = "<group>"; };
		6550DB9A22C41FE200E67E11 /* Screen.m */ = {isa = PBXFileReference; fileEncoding = 4; lastKnownFileType = sourcecode.c.objc; path = Screen.m; sourceTree = "<group>"; };
		6550DB9B22C41FE200E67E11 /* Window.h */ = {isa = PBXFileReference; fileEncoding = 4; lastKnownFileType = sourcecode.c.h; path = Window.h; sourceTree = "<group>"; };
		6550DB9C22C41FE200E67E11 /* EventLoop.m */ = {isa = PBXFileReference; fileEncoding = 4; lastKnownFileType = sourcecode.c.objc; path = EventLoop.m; sourceTree = "<group>"; };
		6550DB9D22C41FE200E67E11 /* Clock.c */ = {isa = PBXFileReference; fileEncoding = 4; lastKnownFileType = sourcecode.c.c; path = Clock.c; sourceTree = "<group>"; };
		6550DB9F22C41FE200E67E11 /* Application.m */ = {isa = PBXFileReference; fileEncoding = 4; lastKnownFileType = sourcecode.c.objc; path = Application.m; sourceTree = "<group>"; };
		6550DBA022C41FE200E67E11 /* Window.m */ = {isa = PBXFileReference; fileEncoding = 4; lastKnownFileType = sourcecode.c.objc; path = Window.m; sourceTree = "<group>"; };
		6550DBA222C41FE200E67E11 /* EventQueue.c */ = {isa = PBXFileReference; fileEncoding = 4; lastKnownFileType = sourcecode.c.c; path = EventQueue.c; sourceTree = "<group>"; };
		6550DBA522C41FE200E67E11 /* Screen.h */ = {isa = PBXFileReference; fileEncoding = 4; lastKnownFileType = sourcecode.c.h; path = Screen.h; sourceTree = "<group>"; };
		6550DBA622C41FE200E67E11 /* Manager.c */ = {isa = PBXFileReference; fileEncoding = 4; lastKnownFileType = sourcecode.c.c; path = Manager.c; sourceTree = "<group>"; };
		6550DBA822C41FE200E67E11 /* Clock.h */ = {isa = PBXFileReference; fileEncoding = 4; lastKnownFileType = sourcecode.c.h; path = Clock.h; sourceTree = "<group>"; };
		6550DBA922C41FE200E67E11 /* EventLoop.h */ = {isa = PBXFileReference; fileEncoding = 4; lastKnownFileType = sourcecode.c.h; path = EventLoop.h; sourceTree = "<group>"; };
		6550DBAC22C41FE200E67E11 /* Profile.h */ = {isa = PBXFileReference; fileEncoding = 4; lastKnownFileType = sourcecode.c.h; path = Profile.h; sourceTree = "<group>"; };
		6550DBAD22C41FE200E67E11 /* Manager.h */ = {isa = PBXFileReference; fileEncoding = 4; lastKnownFileType = sourcecode.c.h; path = Manager.h; sourceTree = "<group>"; };
		6550DBAF22C41FE200E67E11 /* Manager.c */ = {isa = PBXFileReference; fileEncoding = 4; lastKnownFileType = sourcecode.c.c; path = Manager.c; sourceTree = "<group>"; };
		656A1125228DFA2800DCAD49 /* MetalKit.framework */ = {isa = PBXFileReference; lastKnownFileType = wrapper.framework; name = MetalKit.framework; path = System/Library/Frameworks/MetalKit.framework; sourceTree = SDKROOT; };
		659AAF9722C53FDD00D66260 /* RenderPassConfig.m */ = {isa = PBXFileReference; fileEncoding = 4; lastKnownFileType = sourcecode.c.objc; path = RenderPassConfig.m; sourceTree = "<group>"; };
		65D0F0CB22C563A9005F63DB /* Renderer.h */ = {isa = PBXFileReference; fileEncoding = 4; lastKnownFileType = sourcecode.c.h; path = Renderer.h; sourceTree = "<group>"; };
		65D0F0CC22C563A9005F63DB /* Renderer.c */ = {isa = PBXFileReference; fileEncoding = 4; lastKnownFileType = sourcecode.c.c; path = Renderer.c; sourceTree = "<group>"; };
		65DA5D9722BD9B9E005FB5F1 /* Assets.xcassets */ = {isa = PBXFileReference; lastKnownFileType = folder.assetcatalog; path = Assets.xcassets; sourceTree = "<group>"; };
		65DA5D9822BD9B9E005FB5F1 /* Spacetime.entitlements */ = {isa = PBXFileReference; fileEncoding = 4; lastKnownFileType = text.plist.entitlements; path = Spacetime.entitlements; sourceTree = "<group>"; };
		65DA5D9922BD9B9E005FB5F1 /* Info.plist */ = {isa = PBXFileReference; fileEncoding = 4; lastKnownFileType = text.plist.xml; path = Info.plist; sourceTree = "<group>"; };
/* End PBXFileReference section */

/* Begin PBXFrameworksBuildPhase section */
		652F0EE7228DE72B00238560 /* Frameworks */ = {
			isa = PBXFrameworksBuildPhase;
			buildActionMask = 2147483647;
			files = (
				656A1126228DFA2800DCAD49 /* MetalKit.framework in Frameworks */,
			);
			runOnlyForDeploymentPostprocessing = 0;
		};
/* End PBXFrameworksBuildPhase section */

/* Begin PBXGroup section */
		652F0EE1228DE72B00238560 = {
			isa = PBXGroup;
			children = (
				6550DB2322C41FE100E67E11 /* src */,
				65DA5D9622BD9B9E005FB5F1 /* Mac */,
				652F0EEB228DE72B00238560 /* Products */,
				656A1124228DFA2800DCAD49 /* Frameworks */,
			);
			sourceTree = "<group>";
		};
		652F0EEB228DE72B00238560 /* Products */ = {
			isa = PBXGroup;
			children = (
				652F0EEA228DE72B00238560 /* Spacetime.app */,
			);
			name = Products;
			sourceTree = "<group>";
		};
		6550DB2322C41FE100E67E11 /* src */ = {
			isa = PBXGroup;
			children = (
				6550DB2422C41FE100E67E11 /* Gpu */,
				6550DB5322C41FE200E67E11 /* Camera */,
				6550DB5A22C41FE200E67E11 /* Render */,
				6550DB6822C41FE200E67E11 /* World */,
				6550DB7222C41FE200E67E11 /* Spacetime.h */,
				6550DB7322C41FE200E67E11 /* Math */,
				6550DB7B22C41FE200E67E11 /* main.c */,
				6550DB7C22C41FE200E67E11 /* Model */,
				6550DB8022C41FE200E67E11 /* Log */,
				6550DB8B22C41FE200E67E11 /* Os */,
				6550DBAB22C41FE200E67E11 /* Engine */,
			);
			path = src;
			sourceTree = "<group>";
		};
		6550DB2422C41FE100E67E11 /* Gpu */ = {
			isa = PBXGroup;
			children = (
				6550DB2522C41FE100E67E11 /* Primitive.h */,
				6550DB2722C41FE100E67E11 /* Device.h */,
				6550DB2822C41FE100E67E11 /* RenderPassConfig.h */,
				6550DB2A22C41FE100E67E11 /* Metal */,
				6550DB3A22C41FE100E67E11 /* CommandEncoder.h */,
				6550DB3C22C41FE100E67E11 /* Manager.h */,
				6550DB4122C41FE100E67E11 /* CommandBuffer.h */,
				6550DB4422C41FE100E67E11 /* View.h */,
				6550DB4522C41FE100E67E11 /* ShaderTypes.h */,
				6550DB4722C41FE100E67E11 /* Buffer.h */,
				6550DB4922C41FE200E67E11 /* PipelineState.h */,
				6550DB4D22C41FE200E67E11 /* Manager.c */,
				6550DB4E22C41FE200E67E11 /* CommandQueue.h */,
				6550DB4F22C41FE200E67E11 /* Cmd.h */,
				6550DB5122C41FE200E67E11 /* Function.h */,
				6550DB5222C41FE200E67E11 /* PixelFormat.h */,
			);
			path = Gpu;
			sourceTree = "<group>";
		};
		6550DB2A22C41FE100E67E11 /* Metal */ = {
			isa = PBXGroup;
			children = (
				659AAF9722C53FDD00D66260 /* RenderPassConfig.m */,
				6550DB2B22C41FE100E67E11 /* Primitive.h */,
				6550DB2C22C41FE100E67E11 /* Buffer.m */,
				6550DB2D22C41FE100E67E11 /* PipelineState.m */,
				6550DB2E22C41FE100E67E11 /* CommandQueue.m */,
				6550DB2F22C41FE100E67E11 /* PixelFormat.m */,
				6550DB3022C41FE100E67E11 /* Shaders.metal */,
				6550DB3122C41FE100E67E11 /* Function.m */,
				6550DB3222C41FE100E67E11 /* View.h */,
				6550DB3322C41FE100E67E11 /* Cmd.m */,
				6550DB3422C41FE100E67E11 /* Primitive.m */,
				6550DB3522C41FE100E67E11 /* CommandEncoder.m */,
				6550DB3622C41FE100E67E11 /* Device.m */,
				6550DB3722C41FE100E67E11 /* View.m */,
				6550DB3822C41FE100E67E11 /* CommandBuffer.m */,
				6550DB3922C41FE100E67E11 /* PixelFormat.h */,
			);
			path = Metal;
			sourceTree = "<group>";
		};
		6550DB5322C41FE200E67E11 /* Camera */ = {
			isa = PBXGroup;
			children = (
				6550DB5422C41FE200E67E11 /* Camera.h */,
				6550DB5522C41FE200E67E11 /* Manager.h */,
				6550DB5822C41FE200E67E11 /* Manager.c */,
				6550DB5922C41FE200E67E11 /* Camera.c */,
			);
			path = Camera;
			sourceTree = "<group>";
		};
		6550DB5A22C41FE200E67E11 /* Render */ = {
			isa = PBXGroup;
			children = (
				65D0F0CC22C563A9005F63DB /* Renderer.c */,
				65D0F0CB22C563A9005F63DB /* Renderer.h */,
				6550DB5B22C41FE200E67E11 /* Layout.c */,
				6550DB5D22C41FE200E67E11 /* Viewport.h */,
				6550DB5E22C41FE200E67E11 /* Vector.c */,
				6550DB5F22C41FE200E67E11 /* Manager.h */,
				6550DB6122C41FE200E67E11 /* ViewMatrix.h */,
				6550DB6322C41FE200E67E11 /* Layout.h */,
				6550DB6522C41FE200E67E11 /* Manager.c */,
				6550DB6622C41FE200E67E11 /* Vector.h */,
				6550DB6722C41FE200E67E11 /* ViewMatrix.c */,
			);
			path = Render;
			sourceTree = "<group>";
		};
		6550DB6822C41FE200E67E11 /* World */ = {
			isa = PBXGroup;
			children = (
				6550DB6B22C41FE200E67E11 /* Vector.c */,
				6550DB6C22C41FE200E67E11 /* Manager.h */,
				6550DB6D22C41FE200E67E11 /* Grid.h */,
				6550DB6F22C41FE200E67E11 /* Manager.c */,
				6550DB7022C41FE200E67E11 /* Vector.h */,
				6550DB7122C41FE200E67E11 /* Grid.c */,
			);
			path = World;
			sourceTree = "<group>";
		};
		6550DB7322C41FE200E67E11 /* Math */ = {
			isa = PBXGroup;
			children = (
				6550DB7522C41FE200E67E11 /* Quad.h */,
				6550DB7622C41FE200E67E11 /* Bit.h */,
				6550DB7822C41FE200E67E11 /* Basic.h */,
				6550DB7A22C41FE200E67E11 /* Quad.c */,
			);
			path = Math;
			sourceTree = "<group>";
		};
		6550DB7C22C41FE200E67E11 /* Model */ = {
			isa = PBXGroup;
			children = (
				6550DB7D22C41FE200E67E11 /* Mesh.h */,
				6550DB7F22C41FE200E67E11 /* Mesh.c */,
			);
			path = Model;
			sourceTree = "<group>";
		};
		6550DB8022C41FE200E67E11 /* Log */ = {
			isa = PBXGroup;
			children = (
				6550DB8122C41FE200E67E11 /* Manager.h */,
				6550DB8222C41FE200E67E11 /* Mac */,
				6550DB8722C41FE200E67E11 /* Log.h */,
				6550DB8A22C41FE200E67E11 /* Manager.c */,
			);
			path = Log;
			sourceTree = "<group>";
		};
		6550DB8222C41FE200E67E11 /* Mac */ = {
			isa = PBXGroup;
			children = (
				6550DB8322C41FE200E67E11 /* Log.m */,
			);
			path = Mac;
			sourceTree = "<group>";
		};
		6550DB8B22C41FE200E67E11 /* Os */ = {
			isa = PBXGroup;
			children = (
				6550DB9022C41FE200E67E11 /* EventQueue.h */,
				6550DB9222C41FE200E67E11 /* Event.h */,
				6550DB9322C41FE200E67E11 /* Application.h */,
				6550DB9522C41FE200E67E11 /* Manager.h */,
				6550DB9622C41FE200E67E11 /* Window.h */,
				6550DB9822C41FE200E67E11 /* Mac */,
				6550DBA222C41FE200E67E11 /* EventQueue.c */,
				6550DBA522C41FE200E67E11 /* Screen.h */,
				6550DBA622C41FE200E67E11 /* Manager.c */,
				6550DBA822C41FE200E67E11 /* Clock.h */,
				6550DBA922C41FE200E67E11 /* EventLoop.h */,
			);
			path = Os;
			sourceTree = "<group>";
		};
		6550DB9822C41FE200E67E11 /* Mac */ = {
			isa = PBXGroup;
			children = (
				6550DB9922C41FE200E67E11 /* Application.h */,
				6550DB9A22C41FE200E67E11 /* Screen.m */,
				6550DB9B22C41FE200E67E11 /* Window.h */,
				6550DB9C22C41FE200E67E11 /* EventLoop.m */,
				6550DB9D22C41FE200E67E11 /* Clock.c */,
				6550DB9F22C41FE200E67E11 /* Application.m */,
				6550DBA022C41FE200E67E11 /* Window.m */,
			);
			path = Mac;
			sourceTree = "<group>";
		};
		6550DBAB22C41FE200E67E11 /* Engine */ = {
			isa = PBXGroup;
			children = (
				6550DBAC22C41FE200E67E11 /* Profile.h */,
				6550DBAD22C41FE200E67E11 /* Manager.h */,
				6550DBAF22C41FE200E67E11 /* Manager.c */,
			);
			path = Engine;
			sourceTree = "<group>";
		};
		656A1124228DFA2800DCAD49 /* Frameworks */ = {
			isa = PBXGroup;
			children = (
				656A1125228DFA2800DCAD49 /* MetalKit.framework */,
			);
			name = Frameworks;
			sourceTree = "<group>";
		};
		65DA5D9622BD9B9E005FB5F1 /* Mac */ = {
			isa = PBXGroup;
			children = (
				65DA5D9722BD9B9E005FB5F1 /* Assets.xcassets */,
				65DA5D9822BD9B9E005FB5F1 /* Spacetime.entitlements */,
				65DA5D9922BD9B9E005FB5F1 /* Info.plist */,
			);
			path = Mac;
			sourceTree = "<group>";
		};
/* End PBXGroup section */

/* Begin PBXNativeTarget section */
		652F0EE9228DE72B00238560 /* Spacetime */ = {
			isa = PBXNativeTarget;
			buildConfigurationList = 652F0EFE228DE72B00238560 /* Build configuration list for PBXNativeTarget "Spacetime" */;
			buildPhases = (
				652F0EE6228DE72B00238560 /* Sources */,
				652F0EE7228DE72B00238560 /* Frameworks */,
				652F0EE8228DE72B00238560 /* Resources */,
			);
			buildRules = (
			);
			dependencies = (
			);
			name = Spacetime;
			productName = Spacetime;
			productReference = 652F0EEA228DE72B00238560 /* Spacetime.app */;
			productType = "com.apple.product-type.application";
		};
/* End PBXNativeTarget section */

/* Begin PBXProject section */
		652F0EE2228DE72B00238560 /* Project object */ = {
			isa = PBXProject;
			attributes = {
				LastUpgradeCheck = 1020;
				ORGANIZATIONNAME = "Jacob Sandlund";
				TargetAttributes = {
					652F0EE9228DE72B00238560 = {
						CreatedOnToolsVersion = 10.2.1;
					};
				};
			};
			buildConfigurationList = 652F0EE5228DE72B00238560 /* Build configuration list for PBXProject "Spacetime" */;
			compatibilityVersion = "Xcode 10.0";
			developmentRegion = en;
			hasScannedForEncodings = 0;
			knownRegions = (
				en,
				Base,
			);
			mainGroup = 652F0EE1228DE72B00238560;
			productRefGroup = 652F0EEB228DE72B00238560 /* Products */;
			projectDirPath = "";
			projectRoot = "";
			targets = (
				652F0EE9228DE72B00238560 /* Spacetime */,
			);
		};
/* End PBXProject section */

/* Begin PBXResourcesBuildPhase section */
		652F0EE8228DE72B00238560 /* Resources */ = {
			isa = PBXResourcesBuildPhase;
			buildActionMask = 2147483647;
			files = (
				65DA5D9A22BD9B9E005FB5F1 /* Assets.xcassets in Resources */,
			);
			runOnlyForDeploymentPostprocessing = 0;
		};
/* End PBXResourcesBuildPhase section */

/* Begin PBXSourcesBuildPhase section */
		652F0EE6228DE72B00238560 /* Sources */ = {
			isa = PBXSourcesBuildPhase;
			buildActionMask = 2147483647;
			files = (
				6550DBE322C41FE200E67E11 /* Mesh.c in Sources */,
				6550DBBC22C41FE200E67E11 /* View.m in Sources */,
				6550DBE022C41FE200E67E11 /* Quad.c in Sources */,
				6550DBF222C41FE200E67E11 /* Screen.m in Sources */,
				6550DBDB22C41FE200E67E11 /* Manager.c in Sources */,
				6550DBD922C41FE200E67E11 /* Vector.c in Sources */,
				6550DBF622C41FE200E67E11 /* Application.m in Sources */,
				6550DBB622C41FE200E67E11 /* Shaders.metal in Sources */,
				6550DBB322C41FE200E67E11 /* PipelineState.m in Sources */,
				6550DBD522C41FE200E67E11 /* Manager.c in Sources */,
				6550DBD122C41FE200E67E11 /* Vector.c in Sources */,
				6550DBF422C41FE200E67E11 /* Clock.c in Sources */,
				6550DBF922C41FE200E67E11 /* EventQueue.c in Sources */,
				6550DBBB22C41FE200E67E11 /* Device.m in Sources */,
				6550DBCE22C41FE200E67E11 /* Camera.c in Sources */,
				6550DBB722C41FE200E67E11 /* Function.m in Sources */,
				6550DBDC22C41FE200E67E11 /* Grid.c in Sources */,
				6550DBF322C41FE200E67E11 /* EventLoop.m in Sources */,
				6550DBCD22C41FE200E67E11 /* Manager.c in Sources */,
				6550DBE422C41FE200E67E11 /* Log.m in Sources */,
				6550DBB222C41FE200E67E11 /* Buffer.m in Sources */,
				6550DBB522C41FE200E67E11 /* PixelFormat.m in Sources */,
				6550DBFC22C41FE200E67E11 /* Manager.c in Sources */,
				6550DBB822C41FE200E67E11 /* Cmd.m in Sources */,
				6550DBB422C41FE200E67E11 /* CommandQueue.m in Sources */,
				6550DBCF22C41FE200E67E11 /* Layout.c in Sources */,
				6550DBF722C41FE200E67E11 /* Window.m in Sources */,
				6550DBC922C41FE200E67E11 /* Manager.c in Sources */,
				6550DBE122C41FE200E67E11 /* main.c in Sources */,
				65D0F0CD22C563A9005F63DB /* Renderer.c in Sources */,
				6550DBB922C41FE200E67E11 /* Primitive.m in Sources */,
				6550DBBA22C41FE200E67E11 /* CommandEncoder.m in Sources */,
				6550DBEA22C41FE200E67E11 /* Manager.c in Sources */,
				6550DC0022C41FE200E67E11 /* Manager.c in Sources */,
				659AAF9822C53FDE00D66260 /* RenderPassConfig.m in Sources */,
				6550DBD622C41FE200E67E11 /* ViewMatrix.c in Sources */,
				6550DBBD22C41FE200E67E11 /* CommandBuffer.m in Sources */,
			);
			runOnlyForDeploymentPostprocessing = 0;
		};
/* End PBXSourcesBuildPhase section */

/* Begin XCBuildConfiguration section */
		652F0EFC228DE72B00238560 /* Debug */ = {
			isa = XCBuildConfiguration;
			buildSettings = {
				ALWAYS_SEARCH_USER_PATHS = NO;
				CLANG_ANALYZER_NONNULL = YES;
				CLANG_ANALYZER_NUMBER_OBJECT_CONVERSION = YES_AGGRESSIVE;
				CLANG_CXX_LANGUAGE_STANDARD = "gnu++0x";
				CLANG_CXX_LIBRARY = "libc++";
				CLANG_ENABLE_MODULES = YES;
				CLANG_ENABLE_OBJC_ARC = YES;
				CLANG_ENABLE_OBJC_WEAK = YES;
				CLANG_WARN_BLOCK_CAPTURE_AUTORELEASING = YES;
				CLANG_WARN_BOOL_CONVERSION = YES;
				CLANG_WARN_COMMA = YES;
				CLANG_WARN_CONSTANT_CONVERSION = YES;
				CLANG_WARN_DEPRECATED_OBJC_IMPLEMENTATIONS = YES;
				CLANG_WARN_DIRECT_OBJC_ISA_USAGE = YES_ERROR;
				CLANG_WARN_DOCUMENTATION_COMMENTS = YES;
				CLANG_WARN_EMPTY_BODY = YES;
				CLANG_WARN_ENUM_CONVERSION = YES;
				CLANG_WARN_INFINITE_RECURSION = YES;
				CLANG_WARN_INT_CONVERSION = YES;
				CLANG_WARN_NON_LITERAL_NULL_CONVERSION = YES;
				CLANG_WARN_OBJC_IMPLICIT_RETAIN_SELF = YES;
				CLANG_WARN_OBJC_LITERAL_CONVERSION = YES;
				CLANG_WARN_OBJC_ROOT_CLASS = YES_ERROR;
				CLANG_WARN_RANGE_LOOP_ANALYSIS = YES;
				CLANG_WARN_STRICT_PROTOTYPES = YES;
				CLANG_WARN_SUSPICIOUS_MOVE = YES;
				CLANG_WARN_UNGUARDED_AVAILABILITY = YES_AGGRESSIVE;
				CLANG_WARN_UNREACHABLE_CODE = YES;
				CLANG_WARN__DUPLICATE_METHOD_MATCH = YES;
				CODE_SIGN_IDENTITY = "-";
				COPY_PHASE_STRIP = NO;
				DEBUG_INFORMATION_FORMAT = dwarf;
				DSTROOT = "$(PROJECT_DIR)/out";
				ENABLE_STRICT_OBJC_MSGSEND = YES;
				ENABLE_TESTABILITY = YES;
				GCC_C_LANGUAGE_STANDARD = gnu11;
				GCC_DYNAMIC_NO_PIC = NO;
				GCC_NO_COMMON_BLOCKS = YES;
				GCC_OPTIMIZATION_LEVEL = 1;
				GCC_PREPROCESSOR_DEFINITIONS = (
					"DEBUG=1",
					"$(inherited)",
				);
				GCC_TREAT_WARNINGS_AS_ERRORS = YES;
				GCC_WARN_64_TO_32_BIT_CONVERSION = YES;
				GCC_WARN_ABOUT_RETURN_TYPE = YES_ERROR;
				GCC_WARN_UNDECLARED_SELECTOR = YES;
				GCC_WARN_UNINITIALIZED_AUTOS = YES_AGGRESSIVE;
				GCC_WARN_UNUSED_FUNCTION = YES;
				GCC_WARN_UNUSED_VARIABLE = YES;
				HEADER_SEARCH_PATHS = "${PROJECT_DIR}/src";
				INSTALL_PATH = "$(PROJECT_DIR)/out";
				MACOSX_DEPLOYMENT_TARGET = 10.14;
				MTL_ENABLE_DEBUG_INFO = INCLUDE_SOURCE;
				MTL_FAST_MATH = YES;
				ONLY_ACTIVE_ARCH = YES;
				SDKROOT = macosx;
				SYMROOT = "$(PROJECT_DIR)/out";
				WARNING_CFLAGS = (
					"-Wall",
					"-Wextra",
					"-Wno-nullability-completeness",
				);
			};
			name = Debug;
		};
		652F0EFD228DE72B00238560 /* Release */ = {
			isa = XCBuildConfiguration;
			buildSettings = {
				ALWAYS_SEARCH_USER_PATHS = NO;
				CLANG_ANALYZER_NONNULL = YES;
				CLANG_ANALYZER_NUMBER_OBJECT_CONVERSION = YES_AGGRESSIVE;
				CLANG_CXX_LANGUAGE_STANDARD = "gnu++0x";
				CLANG_CXX_LIBRARY = "libc++";
				CLANG_ENABLE_MODULES = YES;
				CLANG_ENABLE_OBJC_ARC = YES;
				CLANG_ENABLE_OBJC_WEAK = YES;
				CLANG_WARN_BLOCK_CAPTURE_AUTORELEASING = YES;
				CLANG_WARN_BOOL_CONVERSION = YES;
				CLANG_WARN_COMMA = YES;
				CLANG_WARN_CONSTANT_CONVERSION = YES;
				CLANG_WARN_DEPRECATED_OBJC_IMPLEMENTATIONS = YES;
				CLANG_WARN_DIRECT_OBJC_ISA_USAGE = YES_ERROR;
				CLANG_WARN_DOCUMENTATION_COMMENTS = YES;
				CLANG_WARN_EMPTY_BODY = YES;
				CLANG_WARN_ENUM_CONVERSION = YES;
				CLANG_WARN_INFINITE_RECURSION = YES;
				CLANG_WARN_INT_CONVERSION = YES;
				CLANG_WARN_NON_LITERAL_NULL_CONVERSION = YES;
				CLANG_WARN_OBJC_IMPLICIT_RETAIN_SELF = YES;
				CLANG_WARN_OBJC_LITERAL_CONVERSION = YES;
				CLANG_WARN_OBJC_ROOT_CLASS = YES_ERROR;
				CLANG_WARN_RANGE_LOOP_ANALYSIS = YES;
				CLANG_WARN_STRICT_PROTOTYPES = YES;
				CLANG_WARN_SUSPICIOUS_MOVE = YES;
				CLANG_WARN_UNGUARDED_AVAILABILITY = YES_AGGRESSIVE;
				CLANG_WARN_UNREACHABLE_CODE = YES;
				CLANG_WARN__DUPLICATE_METHOD_MATCH = YES;
				CODE_SIGN_IDENTITY = "-";
				COPY_PHASE_STRIP = NO;
				DEBUG_INFORMATION_FORMAT = "dwarf-with-dsym";
				DSTROOT = "$(PROJECT_DIR)/out";
				ENABLE_NS_ASSERTIONS = NO;
				ENABLE_STRICT_OBJC_MSGSEND = YES;
				GCC_C_LANGUAGE_STANDARD = gnu11;
				GCC_NO_COMMON_BLOCKS = YES;
				GCC_OPTIMIZATION_LEVEL = 3;
				GCC_TREAT_WARNINGS_AS_ERRORS = YES;
				GCC_WARN_64_TO_32_BIT_CONVERSION = YES;
				GCC_WARN_ABOUT_RETURN_TYPE = YES_ERROR;
				GCC_WARN_UNDECLARED_SELECTOR = YES;
				GCC_WARN_UNINITIALIZED_AUTOS = YES_AGGRESSIVE;
				GCC_WARN_UNUSED_FUNCTION = YES;
				GCC_WARN_UNUSED_VARIABLE = YES;
				HEADER_SEARCH_PATHS = "${PROJECT_DIR}/src";
				INSTALL_PATH = "$(PROJECT_DIR)/out";
				MACOSX_DEPLOYMENT_TARGET = 10.14;
				MTL_ENABLE_DEBUG_INFO = NO;
				MTL_FAST_MATH = YES;
				SDKROOT = macosx;
				SYMROOT = "$(PROJECT_DIR)/out";
				WARNING_CFLAGS = (
					"-Wall",
					"-Wextra",
					"-Wno-nullability-completeness",
				);
			};
			name = Release;
		};
		652F0EFF228DE72B00238560 /* Debug */ = {
			isa = XCBuildConfiguration;
			buildSettings = {
				ASSETCATALOG_COMPILER_APPICON_NAME = AppIcon;
				CODE_SIGN_ENTITLEMENTS = Mac/Spacetime.entitlements;
				CODE_SIGN_STYLE = Automatic;
				COMBINE_HIDPI_IMAGES = YES;
				DEVELOPMENT_TEAM = 9497RH3DKW;
				INFOPLIST_FILE = Mac/Info.plist;
				LD_RUNPATH_SEARCH_PATHS = (
					"$(inherited)",
					"@executable_path/../Frameworks",
				);
				PRODUCT_BUNDLE_IDENTIFIER = computer.spacetime.Spacetime;
				PRODUCT_NAME = "$(TARGET_NAME)";
			};
			name = Debug;
		};
		652F0F00228DE72B00238560 /* Release */ = {
			isa = XCBuildConfiguration;
			buildSettings = {
				ASSETCATALOG_COMPILER_APPICON_NAME = AppIcon;
				CODE_SIGN_ENTITLEMENTS = Mac/Spacetime.entitlements;
				CODE_SIGN_STYLE = Automatic;
				COMBINE_HIDPI_IMAGES = YES;
				DEVELOPMENT_TEAM = 9497RH3DKW;
				INFOPLIST_FILE = Mac/Info.plist;
				LD_RUNPATH_SEARCH_PATHS = (
					"$(inherited)",
					"@executable_path/../Frameworks",
				);
				PRODUCT_BUNDLE_IDENTIFIER = computer.spacetime.Spacetime;
				PRODUCT_NAME = "$(TARGET_NAME)";
			};
			name = Release;
		};
/* End XCBuildConfiguration section */

/* Begin XCConfigurationList section */
		652F0EE5228DE72B00238560 /* Build configuration list for PBXProject "Spacetime" */ = {
			isa = XCConfigurationList;
			buildConfigurations = (
				652F0EFC228DE72B00238560 /* Debug */,
				652F0EFD228DE72B00238560 /* Release */,
			);
			defaultConfigurationIsVisible = 0;
			defaultConfigurationName = Debug;
		};
		652F0EFE228DE72B00238560 /* Build configuration list for PBXNativeTarget "Spacetime" */ = {
			isa = XCConfigurationList;
			buildConfigurations = (
				652F0EFF228DE72B00238560 /* Debug */,
				652F0F00228DE72B00238560 /* Release */,
			);
			defaultConfigurationIsVisible = 0;
			defaultConfigurationName = Debug;
		};
/* End XCConfigurationList section */
	};
	rootObject = 652F0EE2228DE72B00238560 /* Project object */;
}
