// !$*UTF8*$!
{
	archiveVersion = 1;
	classes = {
	};
	objectVersion = 51;
	objects = {

/* Begin PBXBuildFile section */
		656A1126228DFA2800DCAD49 /* MetalKit.framework in Frameworks */ = {isa = PBXBuildFile; fileRef = 656A1125228DFA2800DCAD49 /* MetalKit.framework */; };
		65DA5D9A22BD9B9E005FB5F1 /* Assets.xcassets in Resources */ = {isa = PBXBuildFile; fileRef = 65DA5D9722BD9B9E005FB5F1 /* Assets.xcassets */; };
		65DA5D9B22BD9B9E005FB5F1 /* Info.plist in Resources */ = {isa = PBXBuildFile; fileRef = 65DA5D9922BD9B9E005FB5F1 /* Info.plist */; };
		65DA5E2922BD9BC1005FB5F1 /* Buffer.m in Sources */ = {isa = PBXBuildFile; fileRef = 65DA5DA522BD9BC0005FB5F1 /* Buffer.m */; };
		65DA5E2A22BD9BC1005FB5F1 /* PipelineState.m in Sources */ = {isa = PBXBuildFile; fileRef = 65DA5DA622BD9BC0005FB5F1 /* PipelineState.m */; };
		65DA5E2B22BD9BC1005FB5F1 /* CommandQueue.m in Sources */ = {isa = PBXBuildFile; fileRef = 65DA5DA722BD9BC0005FB5F1 /* CommandQueue.m */; };
		65DA5E2C22BD9BC1005FB5F1 /* Shaders.metal in Sources */ = {isa = PBXBuildFile; fileRef = 65DA5DA822BD9BC0005FB5F1 /* Shaders.metal */; };
		65DA5E2D22BD9BC1005FB5F1 /* Function.m in Sources */ = {isa = PBXBuildFile; fileRef = 65DA5DA922BD9BC0005FB5F1 /* Function.m */; };
		65DA5E2E22BD9BC1005FB5F1 /* Cmd.m in Sources */ = {isa = PBXBuildFile; fileRef = 65DA5DAB22BD9BC0005FB5F1 /* Cmd.m */; };
		65DA5E2F22BD9BC1005FB5F1 /* Primitive.m in Sources */ = {isa = PBXBuildFile; fileRef = 65DA5DAC22BD9BC0005FB5F1 /* Primitive.m */; };
		65DA5E3022BD9BC1005FB5F1 /* CommandEncoder.m in Sources */ = {isa = PBXBuildFile; fileRef = 65DA5DAD22BD9BC0005FB5F1 /* CommandEncoder.m */; };
		65DA5E3122BD9BC1005FB5F1 /* Device.m in Sources */ = {isa = PBXBuildFile; fileRef = 65DA5DAE22BD9BC0005FB5F1 /* Device.m */; };
		65DA5E3222BD9BC1005FB5F1 /* View.m in Sources */ = {isa = PBXBuildFile; fileRef = 65DA5DAF22BD9BC0005FB5F1 /* View.m */; };
		65DA5E3322BD9BC1005FB5F1 /* CommandBuffer.m in Sources */ = {isa = PBXBuildFile; fileRef = 65DA5DB022BD9BC0005FB5F1 /* CommandBuffer.m */; };
		65DA5E3E22BD9BC1005FB5F1 /* Renderer.c in Sources */ = {isa = PBXBuildFile; fileRef = 65DA5DC322BD9BC1005FB5F1 /* Renderer.c */; };
		65DA5E3F22BD9BC1005FB5F1 /* Manager.c in Sources */ = {isa = PBXBuildFile; fileRef = 65DA5DC422BD9BC1005FB5F1 /* Manager.c */; };
		65DA5E4322BD9BC1005FB5F1 /* Manager.c in Sources */ = {isa = PBXBuildFile; fileRef = 65DA5DCF22BD9BC1005FB5F1 /* Manager.c */; };
		65DA5E4422BD9BC1005FB5F1 /* Camera.c in Sources */ = {isa = PBXBuildFile; fileRef = 65DA5DD022BD9BC1005FB5F1 /* Camera.c */; };
		65DA5E4522BD9BC1005FB5F1 /* Layout.c in Sources */ = {isa = PBXBuildFile; fileRef = 65DA5DD222BD9BC1005FB5F1 /* Layout.c */; };
		65DA5E4722BD9BC1005FB5F1 /* Vector.c in Sources */ = {isa = PBXBuildFile; fileRef = 65DA5DD522BD9BC1005FB5F1 /* Vector.c */; };
		65DA5E4B22BD9BC1005FB5F1 /* Manager.c in Sources */ = {isa = PBXBuildFile; fileRef = 65DA5DDC22BD9BC1005FB5F1 /* Manager.c */; };
		65DA5E4C22BD9BC1005FB5F1 /* ViewMatrix.c in Sources */ = {isa = PBXBuildFile; fileRef = 65DA5DDE22BD9BC1005FB5F1 /* ViewMatrix.c */; };
		65DA5E4F22BD9BC1005FB5F1 /* Vector.c in Sources */ = {isa = PBXBuildFile; fileRef = 65DA5DE222BD9BC1005FB5F1 /* Vector.c */; };
		65DA5E5122BD9BC1005FB5F1 /* Manager.c in Sources */ = {isa = PBXBuildFile; fileRef = 65DA5DE622BD9BC1005FB5F1 /* Manager.c */; };
		65DA5E5222BD9BC1005FB5F1 /* Grid.c in Sources */ = {isa = PBXBuildFile; fileRef = 65DA5DE822BD9BC1005FB5F1 /* Grid.c */; };
		65DA5E5622BD9BC1005FB5F1 /* Quad.c in Sources */ = {isa = PBXBuildFile; fileRef = 65DA5DF122BD9BC1005FB5F1 /* Quad.c */; };
		65DA5E5722BD9BC1005FB5F1 /* main.c in Sources */ = {isa = PBXBuildFile; fileRef = 65DA5DF222BD9BC1005FB5F1 /* main.c */; };
		65DA5E5922BD9BC1005FB5F1 /* Mesh.c in Sources */ = {isa = PBXBuildFile; fileRef = 65DA5DF622BD9BC1005FB5F1 /* Mesh.c */; };
		65DA5E5A22BD9BC1005FB5F1 /* Log.m in Sources */ = {isa = PBXBuildFile; fileRef = 65DA5DFA22BD9BC1005FB5F1 /* Log.m */; };
		65DA5E6022BD9BC1005FB5F1 /* Manager.c in Sources */ = {isa = PBXBuildFile; fileRef = 65DA5E0122BD9BC1005FB5F1 /* Manager.c */; };
		65DA5E6822BD9BC1005FB5F1 /* Screen.m in Sources */ = {isa = PBXBuildFile; fileRef = 65DA5E1122BD9BC1005FB5F1 /* Screen.m */; };
		65DA5E6922BD9BC1005FB5F1 /* EventLoop.m in Sources */ = {isa = PBXBuildFile; fileRef = 65DA5E1322BD9BC1005FB5F1 /* EventLoop.m */; };
		65DA5E6A22BD9BC1005FB5F1 /* Clock.c in Sources */ = {isa = PBXBuildFile; fileRef = 65DA5E1422BD9BC1005FB5F1 /* Clock.c */; };
		65DA5E6C22BD9BC1005FB5F1 /* Application.m in Sources */ = {isa = PBXBuildFile; fileRef = 65DA5E1622BD9BC1005FB5F1 /* Application.m */; };
		65DA5E6D22BD9BC1005FB5F1 /* Window.m in Sources */ = {isa = PBXBuildFile; fileRef = 65DA5E1722BD9BC1005FB5F1 /* Window.m */; };
		65DA5E6F22BD9BC1005FB5F1 /* EventQueue.c in Sources */ = {isa = PBXBuildFile; fileRef = 65DA5E1922BD9BC1005FB5F1 /* EventQueue.c */; };
		65DA5E7222BD9BC1005FB5F1 /* Manager.c in Sources */ = {isa = PBXBuildFile; fileRef = 65DA5E1D22BD9BC1005FB5F1 /* Manager.c */; };
		65DA5E7622BD9BC1005FB5F1 /* Manager.c in Sources */ = {isa = PBXBuildFile; fileRef = 65DA5E2622BD9BC1005FB5F1 /* Manager.c */; };
/* End PBXBuildFile section */

/* Begin PBXFileReference section */
		652F0EEA228DE72B00238560 /* Spacetime.app */ = {isa = PBXFileReference; explicitFileType = wrapper.application; includeInIndex = 0; path = Spacetime.app; sourceTree = BUILT_PRODUCTS_DIR; };
		656A1125228DFA2800DCAD49 /* MetalKit.framework */ = {isa = PBXFileReference; lastKnownFileType = wrapper.framework; name = MetalKit.framework; path = System/Library/Frameworks/MetalKit.framework; sourceTree = SDKROOT; };
		65DA5D9722BD9B9E005FB5F1 /* Assets.xcassets */ = {isa = PBXFileReference; lastKnownFileType = folder.assetcatalog; path = Assets.xcassets; sourceTree = "<group>"; };
		65DA5D9822BD9B9E005FB5F1 /* Spacetime.entitlements */ = {isa = PBXFileReference; fileEncoding = 4; lastKnownFileType = text.plist.entitlements; path = Spacetime.entitlements; sourceTree = "<group>"; };
		65DA5D9922BD9B9E005FB5F1 /* Info.plist */ = {isa = PBXFileReference; fileEncoding = 4; lastKnownFileType = text.plist.xml; path = Info.plist; sourceTree = "<group>"; };
		65DA5D9E22BD9BC0005FB5F1 /* Primitive.h */ = {isa = PBXFileReference; fileEncoding = 4; lastKnownFileType = sourcecode.c.h; path = Primitive.h; sourceTree = "<group>"; };
		65DA5DA022BD9BC0005FB5F1 /* Device.h */ = {isa = PBXFileReference; fileEncoding = 4; lastKnownFileType = sourcecode.c.h; path = Device.h; sourceTree = "<group>"; };
		65DA5DA122BD9BC0005FB5F1 /* RenderPassConfig.h */ = {isa = PBXFileReference; fileEncoding = 4; lastKnownFileType = sourcecode.c.h; path = RenderPassConfig.h; sourceTree = "<group>"; };
		65DA5DA422BD9BC0005FB5F1 /* Primitive.h */ = {isa = PBXFileReference; fileEncoding = 4; lastKnownFileType = sourcecode.c.h; path = Primitive.h; sourceTree = "<group>"; };
		65DA5DA522BD9BC0005FB5F1 /* Buffer.m */ = {isa = PBXFileReference; fileEncoding = 4; lastKnownFileType = sourcecode.c.objc; path = Buffer.m; sourceTree = "<group>"; };
		65DA5DA622BD9BC0005FB5F1 /* PipelineState.m */ = {isa = PBXFileReference; fileEncoding = 4; lastKnownFileType = sourcecode.c.objc; path = PipelineState.m; sourceTree = "<group>"; };
		65DA5DA722BD9BC0005FB5F1 /* CommandQueue.m */ = {isa = PBXFileReference; fileEncoding = 4; lastKnownFileType = sourcecode.c.objc; path = CommandQueue.m; sourceTree = "<group>"; };
		65DA5DA822BD9BC0005FB5F1 /* Shaders.metal */ = {isa = PBXFileReference; fileEncoding = 4; lastKnownFileType = sourcecode.metal; path = Shaders.metal; sourceTree = "<group>"; };
		65DA5DA922BD9BC0005FB5F1 /* Function.m */ = {isa = PBXFileReference; fileEncoding = 4; lastKnownFileType = sourcecode.c.objc; path = Function.m; sourceTree = "<group>"; };
		65DA5DAA22BD9BC0005FB5F1 /* View.h */ = {isa = PBXFileReference; fileEncoding = 4; lastKnownFileType = sourcecode.c.h; path = View.h; sourceTree = "<group>"; };
		65DA5DAB22BD9BC0005FB5F1 /* Cmd.m */ = {isa = PBXFileReference; fileEncoding = 4; lastKnownFileType = sourcecode.c.objc; path = Cmd.m; sourceTree = "<group>"; };
		65DA5DAC22BD9BC0005FB5F1 /* Primitive.m */ = {isa = PBXFileReference; fileEncoding = 4; lastKnownFileType = sourcecode.c.objc; path = Primitive.m; sourceTree = "<group>"; };
		65DA5DAD22BD9BC0005FB5F1 /* CommandEncoder.m */ = {isa = PBXFileReference; fileEncoding = 4; lastKnownFileType = sourcecode.c.objc; path = CommandEncoder.m; sourceTree = "<group>"; };
		65DA5DAE22BD9BC0005FB5F1 /* Device.m */ = {isa = PBXFileReference; fileEncoding = 4; lastKnownFileType = sourcecode.c.objc; path = Device.m; sourceTree = "<group>"; };
		65DA5DAF22BD9BC0005FB5F1 /* View.m */ = {isa = PBXFileReference; fileEncoding = 4; lastKnownFileType = sourcecode.c.objc; path = View.m; sourceTree = "<group>"; };
		65DA5DB022BD9BC0005FB5F1 /* CommandBuffer.m */ = {isa = PBXFileReference; fileEncoding = 4; lastKnownFileType = sourcecode.c.objc; path = CommandBuffer.m; sourceTree = "<group>"; };
		65DA5DB122BD9BC0005FB5F1 /* CommandEncoder.h */ = {isa = PBXFileReference; fileEncoding = 4; lastKnownFileType = sourcecode.c.h; path = CommandEncoder.h; sourceTree = "<group>"; };
		65DA5DB322BD9BC0005FB5F1 /* Manager.h */ = {isa = PBXFileReference; fileEncoding = 4; lastKnownFileType = sourcecode.c.h; path = Manager.h; sourceTree = "<group>"; };
		65DA5DB622BD9BC0005FB5F1 /* Renderer.h */ = {isa = PBXFileReference; fileEncoding = 4; lastKnownFileType = sourcecode.c.h; path = Renderer.h; sourceTree = "<group>"; };
		65DA5DB822BD9BC0005FB5F1 /* CommandBuffer.h */ = {isa = PBXFileReference; fileEncoding = 4; lastKnownFileType = sourcecode.c.h; path = CommandBuffer.h; sourceTree = "<group>"; };
		65DA5DBB22BD9BC1005FB5F1 /* View.h */ = {isa = PBXFileReference; fileEncoding = 4; lastKnownFileType = sourcecode.c.h; path = View.h; sourceTree = "<group>"; };
		65DA5DBC22BD9BC1005FB5F1 /* ShaderTypes.h */ = {isa = PBXFileReference; fileEncoding = 4; lastKnownFileType = sourcecode.c.h; path = ShaderTypes.h; sourceTree = "<group>"; };
		65DA5DBE22BD9BC1005FB5F1 /* Buffer.h */ = {isa = PBXFileReference; fileEncoding = 4; lastKnownFileType = sourcecode.c.h; path = Buffer.h; sourceTree = "<group>"; };
		65DA5DC022BD9BC1005FB5F1 /* PipelineState.h */ = {isa = PBXFileReference; fileEncoding = 4; lastKnownFileType = sourcecode.c.h; path = PipelineState.h; sourceTree = "<group>"; };
		65DA5DC322BD9BC1005FB5F1 /* Renderer.c */ = {isa = PBXFileReference; fileEncoding = 4; lastKnownFileType = sourcecode.c.c; path = Renderer.c; sourceTree = "<group>"; };
		65DA5DC422BD9BC1005FB5F1 /* Manager.c */ = {isa = PBXFileReference; fileEncoding = 4; lastKnownFileType = sourcecode.c.c; path = Manager.c; sourceTree = "<group>"; };
		65DA5DC522BD9BC1005FB5F1 /* CommandQueue.h */ = {isa = PBXFileReference; fileEncoding = 4; lastKnownFileType = sourcecode.c.h; path = CommandQueue.h; sourceTree = "<group>"; };
		65DA5DC622BD9BC1005FB5F1 /* Cmd.h */ = {isa = PBXFileReference; fileEncoding = 4; lastKnownFileType = sourcecode.c.h; path = Cmd.h; sourceTree = "<group>"; };
		65DA5DC822BD9BC1005FB5F1 /* Function.h */ = {isa = PBXFileReference; fileEncoding = 4; lastKnownFileType = sourcecode.c.h; path = Function.h; sourceTree = "<group>"; };
		65DA5DC922BD9BC1005FB5F1 /* PixelFormat.h */ = {isa = PBXFileReference; fileEncoding = 4; lastKnownFileType = sourcecode.c.h; path = PixelFormat.h; sourceTree = "<group>"; };
		65DA5DCB22BD9BC1005FB5F1 /* Camera.h */ = {isa = PBXFileReference; fileEncoding = 4; lastKnownFileType = sourcecode.c.h; path = Camera.h; sourceTree = "<group>"; };
		65DA5DCC22BD9BC1005FB5F1 /* Manager.h */ = {isa = PBXFileReference; fileEncoding = 4; lastKnownFileType = sourcecode.c.h; path = Manager.h; sourceTree = "<group>"; };
		65DA5DCF22BD9BC1005FB5F1 /* Manager.c */ = {isa = PBXFileReference; fileEncoding = 4; lastKnownFileType = sourcecode.c.c; path = Manager.c; sourceTree = "<group>"; };
		65DA5DD022BD9BC1005FB5F1 /* Camera.c */ = {isa = PBXFileReference; fileEncoding = 4; lastKnownFileType = sourcecode.c.c; path = Camera.c; sourceTree = "<group>"; };
		65DA5DD222BD9BC1005FB5F1 /* Layout.c */ = {isa = PBXFileReference; fileEncoding = 4; lastKnownFileType = sourcecode.c.c; path = Layout.c; sourceTree = "<group>"; };
		65DA5DD422BD9BC1005FB5F1 /* Viewport.h */ = {isa = PBXFileReference; fileEncoding = 4; lastKnownFileType = sourcecode.c.h; path = Viewport.h; sourceTree = "<group>"; };
		65DA5DD522BD9BC1005FB5F1 /* Vector.c */ = {isa = PBXFileReference; fileEncoding = 4; lastKnownFileType = sourcecode.c.c; path = Vector.c; sourceTree = "<group>"; };
		65DA5DD622BD9BC1005FB5F1 /* Manager.h */ = {isa = PBXFileReference; fileEncoding = 4; lastKnownFileType = sourcecode.c.h; path = Manager.h; sourceTree = "<group>"; };
		65DA5DD822BD9BC1005FB5F1 /* ViewMatrix.h */ = {isa = PBXFileReference; fileEncoding = 4; lastKnownFileType = sourcecode.c.h; path = ViewMatrix.h; sourceTree = "<group>"; };
		65DA5DDA22BD9BC1005FB5F1 /* Layout.h */ = {isa = PBXFileReference; fileEncoding = 4; lastKnownFileType = sourcecode.c.h; path = Layout.h; sourceTree = "<group>"; };
		65DA5DDC22BD9BC1005FB5F1 /* Manager.c */ = {isa = PBXFileReference; fileEncoding = 4; lastKnownFileType = sourcecode.c.c; path = Manager.c; sourceTree = "<group>"; };
		65DA5DDD22BD9BC1005FB5F1 /* Vector.h */ = {isa = PBXFileReference; fileEncoding = 4; lastKnownFileType = sourcecode.c.h; path = Vector.h; sourceTree = "<group>"; };
		65DA5DDE22BD9BC1005FB5F1 /* ViewMatrix.c */ = {isa = PBXFileReference; fileEncoding = 4; lastKnownFileType = sourcecode.c.c; path = ViewMatrix.c; sourceTree = "<group>"; };
		65DA5DE222BD9BC1005FB5F1 /* Vector.c */ = {isa = PBXFileReference; fileEncoding = 4; lastKnownFileType = sourcecode.c.c; path = Vector.c; sourceTree = "<group>"; };
		65DA5DE322BD9BC1005FB5F1 /* Manager.h */ = {isa = PBXFileReference; fileEncoding = 4; lastKnownFileType = sourcecode.c.h; path = Manager.h; sourceTree = "<group>"; };
		65DA5DE422BD9BC1005FB5F1 /* Grid.h */ = {isa = PBXFileReference; fileEncoding = 4; lastKnownFileType = sourcecode.c.h; path = Grid.h; sourceTree = "<group>"; };
		65DA5DE622BD9BC1005FB5F1 /* Manager.c */ = {isa = PBXFileReference; fileEncoding = 4; lastKnownFileType = sourcecode.c.c; path = Manager.c; sourceTree = "<group>"; };
		65DA5DE722BD9BC1005FB5F1 /* Vector.h */ = {isa = PBXFileReference; fileEncoding = 4; lastKnownFileType = sourcecode.c.h; path = Vector.h; sourceTree = "<group>"; };
		65DA5DE822BD9BC1005FB5F1 /* Grid.c */ = {isa = PBXFileReference; fileEncoding = 4; lastKnownFileType = sourcecode.c.c; path = Grid.c; sourceTree = "<group>"; };
		65DA5DE922BD9BC1005FB5F1 /* Spacetime.h */ = {isa = PBXFileReference; fileEncoding = 4; lastKnownFileType = sourcecode.c.h; path = Spacetime.h; sourceTree = "<group>"; };
		65DA5DEC22BD9BC1005FB5F1 /* Quad.h */ = {isa = PBXFileReference; fileEncoding = 4; lastKnownFileType = sourcecode.c.h; path = Quad.h; sourceTree = "<group>"; };
		65DA5DED22BD9BC1005FB5F1 /* Bit.h */ = {isa = PBXFileReference; fileEncoding = 4; lastKnownFileType = sourcecode.c.h; path = Bit.h; sourceTree = "<group>"; };
		65DA5DEF22BD9BC1005FB5F1 /* Basic.h */ = {isa = PBXFileReference; fileEncoding = 4; lastKnownFileType = sourcecode.c.h; path = Basic.h; sourceTree = "<group>"; };
		65DA5DF122BD9BC1005FB5F1 /* Quad.c */ = {isa = PBXFileReference; fileEncoding = 4; lastKnownFileType = sourcecode.c.c; path = Quad.c; sourceTree = "<group>"; };
		65DA5DF222BD9BC1005FB5F1 /* main.c */ = {isa = PBXFileReference; fileEncoding = 4; lastKnownFileType = sourcecode.c.c; path = main.c; sourceTree = "<group>"; };
		65DA5DF422BD9BC1005FB5F1 /* Mesh.h */ = {isa = PBXFileReference; fileEncoding = 4; lastKnownFileType = sourcecode.c.h; path = Mesh.h; sourceTree = "<group>"; };
		65DA5DF622BD9BC1005FB5F1 /* Mesh.c */ = {isa = PBXFileReference; fileEncoding = 4; lastKnownFileType = sourcecode.c.c; path = Mesh.c; sourceTree = "<group>"; };
		65DA5DF822BD9BC1005FB5F1 /* Manager.h */ = {isa = PBXFileReference; fileEncoding = 4; lastKnownFileType = sourcecode.c.h; path = Manager.h; sourceTree = "<group>"; };
		65DA5DFA22BD9BC1005FB5F1 /* Log.m */ = {isa = PBXFileReference; fileEncoding = 4; lastKnownFileType = sourcecode.c.objc; path = Log.m; sourceTree = "<group>"; };
		65DA5DFE22BD9BC1005FB5F1 /* Log.h */ = {isa = PBXFileReference; fileEncoding = 4; lastKnownFileType = sourcecode.c.h; path = Log.h; sourceTree = "<group>"; };
		65DA5E0122BD9BC1005FB5F1 /* Manager.c */ = {isa = PBXFileReference; fileEncoding = 4; lastKnownFileType = sourcecode.c.c; path = Manager.c; sourceTree = "<group>"; };
		65DA5E0722BD9BC1005FB5F1 /* EventQueue.h */ = {isa = PBXFileReference; fileEncoding = 4; lastKnownFileType = sourcecode.c.h; path = EventQueue.h; sourceTree = "<group>"; };
		65DA5E0922BD9BC1005FB5F1 /* Event.h */ = {isa = PBXFileReference; fileEncoding = 4; lastKnownFileType = sourcecode.c.h; path = Event.h; sourceTree = "<group>"; };
		65DA5E0A22BD9BC1005FB5F1 /* Application.h */ = {isa = PBXFileReference; fileEncoding = 4; lastKnownFileType = sourcecode.c.h; path = Application.h; sourceTree = "<group>"; };
		65DA5E0C22BD9BC1005FB5F1 /* Manager.h */ = {isa = PBXFileReference; fileEncoding = 4; lastKnownFileType = sourcecode.c.h; path = Manager.h; sourceTree = "<group>"; };
		65DA5E0D22BD9BC1005FB5F1 /* Window.h */ = {isa = PBXFileReference; fileEncoding = 4; lastKnownFileType = sourcecode.c.h; path = Window.h; sourceTree = "<group>"; };
		65DA5E1022BD9BC1005FB5F1 /* Application.h */ = {isa = PBXFileReference; fileEncoding = 4; lastKnownFileType = sourcecode.c.h; path = Application.h; sourceTree = "<group>"; };
		65DA5E1122BD9BC1005FB5F1 /* Screen.m */ = {isa = PBXFileReference; fileEncoding = 4; lastKnownFileType = sourcecode.c.objc; path = Screen.m; sourceTree = "<group>"; };
		65DA5E1222BD9BC1005FB5F1 /* Window.h */ = {isa = PBXFileReference; fileEncoding = 4; lastKnownFileType = sourcecode.c.h; path = Window.h; sourceTree = "<group>"; };
		65DA5E1322BD9BC1005FB5F1 /* EventLoop.m */ = {isa = PBXFileReference; fileEncoding = 4; lastKnownFileType = sourcecode.c.objc; path = EventLoop.m; sourceTree = "<group>"; };
		65DA5E1422BD9BC1005FB5F1 /* Clock.c */ = {isa = PBXFileReference; fileEncoding = 4; lastKnownFileType = sourcecode.c.c; path = Clock.c; sourceTree = "<group>"; };
		65DA5E1622BD9BC1005FB5F1 /* Application.m */ = {isa = PBXFileReference; fileEncoding = 4; lastKnownFileType = sourcecode.c.objc; path = Application.m; sourceTree = "<group>"; };
		65DA5E1722BD9BC1005FB5F1 /* Window.m */ = {isa = PBXFileReference; fileEncoding = 4; lastKnownFileType = sourcecode.c.objc; path = Window.m; sourceTree = "<group>"; };
		65DA5E1922BD9BC1005FB5F1 /* EventQueue.c */ = {isa = PBXFileReference; fileEncoding = 4; lastKnownFileType = sourcecode.c.c; path = EventQueue.c; sourceTree = "<group>"; };
		65DA5E1C22BD9BC1005FB5F1 /* Screen.h */ = {isa = PBXFileReference; fileEncoding = 4; lastKnownFileType = sourcecode.c.h; path = Screen.h; sourceTree = "<group>"; };
		65DA5E1D22BD9BC1005FB5F1 /* Manager.c */ = {isa = PBXFileReference; fileEncoding = 4; lastKnownFileType = sourcecode.c.c; path = Manager.c; sourceTree = "<group>"; };
		65DA5E1F22BD9BC1005FB5F1 /* Clock.h */ = {isa = PBXFileReference; fileEncoding = 4; lastKnownFileType = sourcecode.c.h; path = Clock.h; sourceTree = "<group>"; };
		65DA5E2022BD9BC1005FB5F1 /* EventLoop.h */ = {isa = PBXFileReference; fileEncoding = 4; lastKnownFileType = sourcecode.c.h; path = EventLoop.h; sourceTree = "<group>"; };
		65DA5E2322BD9BC1005FB5F1 /* Profile.h */ = {isa = PBXFileReference; fileEncoding = 4; lastKnownFileType = sourcecode.c.h; path = Profile.h; sourceTree = "<group>"; };
		65DA5E2422BD9BC1005FB5F1 /* Manager.h */ = {isa = PBXFileReference; fileEncoding = 4; lastKnownFileType = sourcecode.c.h; path = Manager.h; sourceTree = "<group>"; };
		65DA5E2622BD9BC1005FB5F1 /* Manager.c */ = {isa = PBXFileReference; fileEncoding = 4; lastKnownFileType = sourcecode.c.c; path = Manager.c; sourceTree = "<group>"; };
/* End PBXFileReference section */

/* Begin PBXFrameworksBuildPhase section */
		652F0EE7228DE72B00238560 /* Frameworks */ = {
			isa = PBXFrameworksBuildPhase;
			buildActionMask = 2147483647;
			files = (
				656A1126228DFA2800DCAD49 /* MetalKit.framework in Frameworks */,
			);
			runOnlyForDeploymentPostprocessing = 0;
		};
/* End PBXFrameworksBuildPhase section */

/* Begin PBXGroup section */
		652F0EE1228DE72B00238560 = {
			isa = PBXGroup;
			children = (
				65DA5D9C22BD9BC0005FB5F1 /* src */,
				65DA5D9622BD9B9E005FB5F1 /* Mac */,
				652F0EEB228DE72B00238560 /* Products */,
				656A1124228DFA2800DCAD49 /* Frameworks */,
			);
			sourceTree = "<group>";
		};
		652F0EEB228DE72B00238560 /* Products */ = {
			isa = PBXGroup;
			children = (
				652F0EEA228DE72B00238560 /* Spacetime.app */,
			);
			name = Products;
			sourceTree = "<group>";
		};
		656A1124228DFA2800DCAD49 /* Frameworks */ = {
			isa = PBXGroup;
			children = (
				656A1125228DFA2800DCAD49 /* MetalKit.framework */,
			);
			name = Frameworks;
			sourceTree = "<group>";
		};
		65DA5D9622BD9B9E005FB5F1 /* Mac */ = {
			isa = PBXGroup;
			children = (
				65DA5D9722BD9B9E005FB5F1 /* Assets.xcassets */,
				65DA5D9822BD9B9E005FB5F1 /* Spacetime.entitlements */,
				65DA5D9922BD9B9E005FB5F1 /* Info.plist */,
			);
			path = Mac;
			sourceTree = "<group>";
		};
		65DA5D9C22BD9BC0005FB5F1 /* src */ = {
			isa = PBXGroup;
			children = (
				65DA5D9D22BD9BC0005FB5F1 /* Gpu */,
				65DA5DCA22BD9BC1005FB5F1 /* Camera */,
				65DA5DD122BD9BC1005FB5F1 /* Render */,
				65DA5DDF22BD9BC1005FB5F1 /* World */,
				65DA5DE922BD9BC1005FB5F1 /* Spacetime.h */,
				65DA5DEA22BD9BC1005FB5F1 /* Math */,
				65DA5DF222BD9BC1005FB5F1 /* main.c */,
				65DA5DF322BD9BC1005FB5F1 /* Model */,
				65DA5DF722BD9BC1005FB5F1 /* Log */,
				65DA5E0222BD9BC1005FB5F1 /* Os */,
				65DA5E2222BD9BC1005FB5F1 /* Engine */,
			);
			path = src;
			sourceTree = "<group>";
		};
		65DA5D9D22BD9BC0005FB5F1 /* Gpu */ = {
			isa = PBXGroup;
			children = (
				65DA5D9E22BD9BC0005FB5F1 /* Primitive.h */,
				65DA5DA022BD9BC0005FB5F1 /* Device.h */,
				65DA5DA122BD9BC0005FB5F1 /* RenderPassConfig.h */,
				65DA5DA322BD9BC0005FB5F1 /* Metal */,
				65DA5DB122BD9BC0005FB5F1 /* CommandEncoder.h */,
				65DA5DB322BD9BC0005FB5F1 /* Manager.h */,
				65DA5DB622BD9BC0005FB5F1 /* Renderer.h */,
				65DA5DB822BD9BC0005FB5F1 /* CommandBuffer.h */,
				65DA5DBB22BD9BC1005FB5F1 /* View.h */,
				65DA5DBC22BD9BC1005FB5F1 /* ShaderTypes.h */,
				65DA5DBE22BD9BC1005FB5F1 /* Buffer.h */,
				65DA5DC022BD9BC1005FB5F1 /* PipelineState.h */,
				65DA5DC322BD9BC1005FB5F1 /* Renderer.c */,
				65DA5DC422BD9BC1005FB5F1 /* Manager.c */,
				65DA5DC522BD9BC1005FB5F1 /* CommandQueue.h */,
				65DA5DC622BD9BC1005FB5F1 /* Cmd.h */,
				65DA5DC822BD9BC1005FB5F1 /* Function.h */,
				65DA5DC922BD9BC1005FB5F1 /* PixelFormat.h */,
			);
			path = Gpu;
			sourceTree = "<group>";
		};
		65DA5DA322BD9BC0005FB5F1 /* Metal */ = {
			isa = PBXGroup;
			children = (
				65DA5DA422BD9BC0005FB5F1 /* Primitive.h */,
				65DA5DA522BD9BC0005FB5F1 /* Buffer.m */,
				65DA5DA622BD9BC0005FB5F1 /* PipelineState.m */,
				65DA5DA722BD9BC0005FB5F1 /* CommandQueue.m */,
				65DA5DA822BD9BC0005FB5F1 /* Shaders.metal */,
				65DA5DA922BD9BC0005FB5F1 /* Function.m */,
				65DA5DAA22BD9BC0005FB5F1 /* View.h */,
				65DA5DAB22BD9BC0005FB5F1 /* Cmd.m */,
				65DA5DAC22BD9BC0005FB5F1 /* Primitive.m */,
				65DA5DAD22BD9BC0005FB5F1 /* CommandEncoder.m */,
				65DA5DAE22BD9BC0005FB5F1 /* Device.m */,
				65DA5DAF22BD9BC0005FB5F1 /* View.m */,
				65DA5DB022BD9BC0005FB5F1 /* CommandBuffer.m */,
			);
			path = Metal;
			sourceTree = "<group>";
		};
		65DA5DCA22BD9BC1005FB5F1 /* Camera */ = {
			isa = PBXGroup;
			children = (
				65DA5DCB22BD9BC1005FB5F1 /* Camera.h */,
				65DA5DCC22BD9BC1005FB5F1 /* Manager.h */,
				65DA5DCF22BD9BC1005FB5F1 /* Manager.c */,
				65DA5DD022BD9BC1005FB5F1 /* Camera.c */,
			);
			path = Camera;
			sourceTree = "<group>";
		};
		65DA5DD122BD9BC1005FB5F1 /* Render */ = {
			isa = PBXGroup;
			children = (
				65DA5DD222BD9BC1005FB5F1 /* Layout.c */,
				65DA5DD422BD9BC1005FB5F1 /* Viewport.h */,
				65DA5DD522BD9BC1005FB5F1 /* Vector.c */,
				65DA5DD622BD9BC1005FB5F1 /* Manager.h */,
				65DA5DD822BD9BC1005FB5F1 /* ViewMatrix.h */,
				65DA5DDA22BD9BC1005FB5F1 /* Layout.h */,
				65DA5DDC22BD9BC1005FB5F1 /* Manager.c */,
				65DA5DDD22BD9BC1005FB5F1 /* Vector.h */,
				65DA5DDE22BD9BC1005FB5F1 /* ViewMatrix.c */,
			);
			path = Render;
			sourceTree = "<group>";
		};
		65DA5DDF22BD9BC1005FB5F1 /* World */ = {
			isa = PBXGroup;
			children = (
				65DA5DE222BD9BC1005FB5F1 /* Vector.c */,
				65DA5DE322BD9BC1005FB5F1 /* Manager.h */,
				65DA5DE422BD9BC1005FB5F1 /* Grid.h */,
				65DA5DE622BD9BC1005FB5F1 /* Manager.c */,
				65DA5DE722BD9BC1005FB5F1 /* Vector.h */,
				65DA5DE822BD9BC1005FB5F1 /* Grid.c */,
			);
			path = World;
			sourceTree = "<group>";
		};
		65DA5DEA22BD9BC1005FB5F1 /* Math */ = {
			isa = PBXGroup;
			children = (
				65DA5DEC22BD9BC1005FB5F1 /* Quad.h */,
				65DA5DED22BD9BC1005FB5F1 /* Bit.h */,
				65DA5DEF22BD9BC1005FB5F1 /* Basic.h */,
				65DA5DF122BD9BC1005FB5F1 /* Quad.c */,
			);
			path = Math;
			sourceTree = "<group>";
		};
		65DA5DF322BD9BC1005FB5F1 /* Model */ = {
			isa = PBXGroup;
			children = (
				65DA5DF422BD9BC1005FB5F1 /* Mesh.h */,
				65DA5DF622BD9BC1005FB5F1 /* Mesh.c */,
			);
			path = Model;
			sourceTree = "<group>";
		};
		65DA5DF722BD9BC1005FB5F1 /* Log */ = {
			isa = PBXGroup;
			children = (
				65DA5DF822BD9BC1005FB5F1 /* Manager.h */,
				65DA5DF922BD9BC1005FB5F1 /* Mac */,
				65DA5DFE22BD9BC1005FB5F1 /* Log.h */,
				65DA5E0122BD9BC1005FB5F1 /* Manager.c */,
			);
			path = Log;
			sourceTree = "<group>";
		};
		65DA5DF922BD9BC1005FB5F1 /* Mac */ = {
			isa = PBXGroup;
			children = (
				65DA5DFA22BD9BC1005FB5F1 /* Log.m */,
			);
			path = Mac;
			sourceTree = "<group>";
		};
		65DA5E0222BD9BC1005FB5F1 /* Os */ = {
			isa = PBXGroup;
			children = (
				65DA5E0722BD9BC1005FB5F1 /* EventQueue.h */,
				65DA5E0922BD9BC1005FB5F1 /* Event.h */,
				65DA5E0A22BD9BC1005FB5F1 /* Application.h */,
				65DA5E0C22BD9BC1005FB5F1 /* Manager.h */,
				65DA5E0D22BD9BC1005FB5F1 /* Window.h */,
				65DA5E0F22BD9BC1005FB5F1 /* Mac */,
				65DA5E1922BD9BC1005FB5F1 /* EventQueue.c */,
				65DA5E1C22BD9BC1005FB5F1 /* Screen.h */,
				65DA5E1D22BD9BC1005FB5F1 /* Manager.c */,
				65DA5E1F22BD9BC1005FB5F1 /* Clock.h */,
				65DA5E2022BD9BC1005FB5F1 /* EventLoop.h */,
			);
			path = Os;
			sourceTree = "<group>";
		};
		65DA5E0F22BD9BC1005FB5F1 /* Mac */ = {
			isa = PBXGroup;
			children = (
				65DA5E1022BD9BC1005FB5F1 /* Application.h */,
				65DA5E1122BD9BC1005FB5F1 /* Screen.m */,
				65DA5E1222BD9BC1005FB5F1 /* Window.h */,
				65DA5E1322BD9BC1005FB5F1 /* EventLoop.m */,
				65DA5E1422BD9BC1005FB5F1 /* Clock.c */,
				65DA5E1622BD9BC1005FB5F1 /* Application.m */,
				65DA5E1722BD9BC1005FB5F1 /* Window.m */,
			);
			path = Mac;
			sourceTree = "<group>";
		};
		65DA5E2222BD9BC1005FB5F1 /* Engine */ = {
			isa = PBXGroup;
			children = (
				65DA5E2322BD9BC1005FB5F1 /* Profile.h */,
				65DA5E2422BD9BC1005FB5F1 /* Manager.h */,
				65DA5E2622BD9BC1005FB5F1 /* Manager.c */,
			);
			path = Engine;
			sourceTree = "<group>";
		};
/* End PBXGroup section */

/* Begin PBXNativeTarget section */
		652F0EE9228DE72B00238560 /* Spacetime */ = {
			isa = PBXNativeTarget;
			buildConfigurationList = 652F0EFE228DE72B00238560 /* Build configuration list for PBXNativeTarget "Spacetime" */;
			buildPhases = (
				652F0EE6228DE72B00238560 /* Sources */,
				652F0EE7228DE72B00238560 /* Frameworks */,
				652F0EE8228DE72B00238560 /* Resources */,
			);
			buildRules = (
			);
			dependencies = (
			);
			name = Spacetime;
			productName = Spacetime;
			productReference = 652F0EEA228DE72B00238560 /* Spacetime.app */;
			productType = "com.apple.product-type.application";
		};
/* End PBXNativeTarget section */

/* Begin PBXProject section */
		652F0EE2228DE72B00238560 /* Project object */ = {
			isa = PBXProject;
			attributes = {
				LastUpgradeCheck = 1020;
				ORGANIZATIONNAME = "Jacob Sandlund";
				TargetAttributes = {
					652F0EE9228DE72B00238560 = {
						CreatedOnToolsVersion = 10.2.1;
					};
				};
			};
			buildConfigurationList = 652F0EE5228DE72B00238560 /* Build configuration list for PBXProject "Spacetime" */;
			compatibilityVersion = "Xcode 10.0";
			developmentRegion = en;
			hasScannedForEncodings = 0;
			knownRegions = (
				en,
				Base,
			);
			mainGroup = 652F0EE1228DE72B00238560;
			productRefGroup = 652F0EEB228DE72B00238560 /* Products */;
			projectDirPath = "";
			projectRoot = "";
			targets = (
				652F0EE9228DE72B00238560 /* Spacetime */,
			);
		};
/* End PBXProject section */

/* Begin PBXResourcesBuildPhase section */
		652F0EE8228DE72B00238560 /* Resources */ = {
			isa = PBXResourcesBuildPhase;
			buildActionMask = 2147483647;
			files = (
				65DA5D9B22BD9B9E005FB5F1 /* Info.plist in Resources */,
				65DA5D9A22BD9B9E005FB5F1 /* Assets.xcassets in Resources */,
			);
			runOnlyForDeploymentPostprocessing = 0;
		};
/* End PBXResourcesBuildPhase section */

/* Begin PBXSourcesBuildPhase section */
		652F0EE6228DE72B00238560 /* Sources */ = {
			isa = PBXSourcesBuildPhase;
			buildActionMask = 2147483647;
			files = (
				65DA5E5922BD9BC1005FB5F1 /* Mesh.c in Sources */,
				65DA5E2C22BD9BC1005FB5F1 /* Shaders.metal in Sources */,
				65DA5E5222BD9BC1005FB5F1 /* Grid.c in Sources */,
				65DA5E7222BD9BC1005FB5F1 /* Manager.c in Sources */,
				65DA5E6922BD9BC1005FB5F1 /* EventLoop.m in Sources */,
				65DA5E4522BD9BC1005FB5F1 /* Layout.c in Sources */,
				65DA5E3F22BD9BC1005FB5F1 /* Manager.c in Sources */,
				65DA5E6022BD9BC1005FB5F1 /* Manager.c in Sources */,
				65DA5E3022BD9BC1005FB5F1 /* CommandEncoder.m in Sources */,
				65DA5E5122BD9BC1005FB5F1 /* Manager.c in Sources */,
				65DA5E4C22BD9BC1005FB5F1 /* ViewMatrix.c in Sources */,
				65DA5E2A22BD9BC1005FB5F1 /* PipelineState.m in Sources */,
				65DA5E2922BD9BC1005FB5F1 /* Buffer.m in Sources */,
				65DA5E2E22BD9BC1005FB5F1 /* Cmd.m in Sources */,
				65DA5E2B22BD9BC1005FB5F1 /* CommandQueue.m in Sources */,
				65DA5E4322BD9BC1005FB5F1 /* Manager.c in Sources */,
				65DA5E3122BD9BC1005FB5F1 /* Device.m in Sources */,
				65DA5E6A22BD9BC1005FB5F1 /* Clock.c in Sources */,
				65DA5E5A22BD9BC1005FB5F1 /* Log.m in Sources */,
				65DA5E3222BD9BC1005FB5F1 /* View.m in Sources */,
				65DA5E4722BD9BC1005FB5F1 /* Vector.c in Sources */,
				65DA5E6D22BD9BC1005FB5F1 /* Window.m in Sources */,
				65DA5E2D22BD9BC1005FB5F1 /* Function.m in Sources */,
				65DA5E7622BD9BC1005FB5F1 /* Manager.c in Sources */,
				65DA5E2F22BD9BC1005FB5F1 /* Primitive.m in Sources */,
				65DA5E5622BD9BC1005FB5F1 /* Quad.c in Sources */,
				65DA5E3E22BD9BC1005FB5F1 /* Renderer.c in Sources */,
				65DA5E4B22BD9BC1005FB5F1 /* Manager.c in Sources */,
				65DA5E6C22BD9BC1005FB5F1 /* Application.m in Sources */,
				65DA5E5722BD9BC1005FB5F1 /* main.c in Sources */,
				65DA5E6F22BD9BC1005FB5F1 /* EventQueue.c in Sources */,
				65DA5E6822BD9BC1005FB5F1 /* Screen.m in Sources */,
				65DA5E4F22BD9BC1005FB5F1 /* Vector.c in Sources */,
				65DA5E3322BD9BC1005FB5F1 /* CommandBuffer.m in Sources */,
				65DA5E4422BD9BC1005FB5F1 /* Camera.c in Sources */,
			);
			runOnlyForDeploymentPostprocessing = 0;
		};
/* End PBXSourcesBuildPhase section */

/* Begin XCBuildConfiguration section */
		652F0EFC228DE72B00238560 /* Debug */ = {
			isa = XCBuildConfiguration;
			buildSettings = {
				ALWAYS_SEARCH_USER_PATHS = NO;
				CLANG_ANALYZER_NONNULL = YES;
				CLANG_ANALYZER_NUMBER_OBJECT_CONVERSION = YES_AGGRESSIVE;
				CLANG_CXX_LANGUAGE_STANDARD = "gnu++0x";
				CLANG_CXX_LIBRARY = "libc++";
				CLANG_ENABLE_MODULES = YES;
				CLANG_ENABLE_OBJC_ARC = YES;
				CLANG_ENABLE_OBJC_WEAK = YES;
				CLANG_WARN_BLOCK_CAPTURE_AUTORELEASING = YES;
				CLANG_WARN_BOOL_CONVERSION = YES;
				CLANG_WARN_COMMA = YES;
				CLANG_WARN_CONSTANT_CONVERSION = YES;
				CLANG_WARN_DEPRECATED_OBJC_IMPLEMENTATIONS = YES;
				CLANG_WARN_DIRECT_OBJC_ISA_USAGE = YES_ERROR;
				CLANG_WARN_DOCUMENTATION_COMMENTS = YES;
				CLANG_WARN_EMPTY_BODY = YES;
				CLANG_WARN_ENUM_CONVERSION = YES;
				CLANG_WARN_INFINITE_RECURSION = YES;
				CLANG_WARN_INT_CONVERSION = YES;
				CLANG_WARN_NON_LITERAL_NULL_CONVERSION = YES;
				CLANG_WARN_OBJC_IMPLICIT_RETAIN_SELF = YES;
				CLANG_WARN_OBJC_LITERAL_CONVERSION = YES;
				CLANG_WARN_OBJC_ROOT_CLASS = YES_ERROR;
				CLANG_WARN_RANGE_LOOP_ANALYSIS = YES;
				CLANG_WARN_STRICT_PROTOTYPES = YES;
				CLANG_WARN_SUSPICIOUS_MOVE = YES;
				CLANG_WARN_UNGUARDED_AVAILABILITY = YES_AGGRESSIVE;
				CLANG_WARN_UNREACHABLE_CODE = YES;
				CLANG_WARN__DUPLICATE_METHOD_MATCH = YES;
				CODE_SIGN_IDENTITY = "-";
				COPY_PHASE_STRIP = NO;
				DEBUG_INFORMATION_FORMAT = dwarf;
				DSTROOT = "$(PROJECT_DIR)/out";
				ENABLE_STRICT_OBJC_MSGSEND = YES;
				ENABLE_TESTABILITY = YES;
				GCC_C_LANGUAGE_STANDARD = gnu11;
				GCC_DYNAMIC_NO_PIC = NO;
				GCC_NO_COMMON_BLOCKS = YES;
				GCC_OPTIMIZATION_LEVEL = 1;
				GCC_PREPROCESSOR_DEFINITIONS = (
					"DEBUG=1",
					"$(inherited)",
				);
				GCC_TREAT_WARNINGS_AS_ERRORS = YES;
				GCC_WARN_64_TO_32_BIT_CONVERSION = YES;
				GCC_WARN_ABOUT_RETURN_TYPE = YES_ERROR;
				GCC_WARN_UNDECLARED_SELECTOR = YES;
				GCC_WARN_UNINITIALIZED_AUTOS = YES_AGGRESSIVE;
				GCC_WARN_UNUSED_FUNCTION = YES;
				GCC_WARN_UNUSED_VARIABLE = YES;
				HEADER_SEARCH_PATHS = "${PROJECT_DIR}/src";
				INSTALL_PATH = "$(PROJECT_DIR)/out";
				MACOSX_DEPLOYMENT_TARGET = 10.14;
				MTL_ENABLE_DEBUG_INFO = INCLUDE_SOURCE;
				MTL_FAST_MATH = YES;
				ONLY_ACTIVE_ARCH = YES;
				SDKROOT = macosx;
				SYMROOT = "$(PROJECT_DIR)/out";
				WARNING_CFLAGS = (
					"-Wall",
					"-Wextra",
					"-Wno-nullability-completeness",
				);
			};
			name = Debug;
		};
		652F0EFD228DE72B00238560 /* Release */ = {
			isa = XCBuildConfiguration;
			buildSettings = {
				ALWAYS_SEARCH_USER_PATHS = NO;
				CLANG_ANALYZER_NONNULL = YES;
				CLANG_ANALYZER_NUMBER_OBJECT_CONVERSION = YES_AGGRESSIVE;
				CLANG_CXX_LANGUAGE_STANDARD = "gnu++0x";
				CLANG_CXX_LIBRARY = "libc++";
				CLANG_ENABLE_MODULES = YES;
				CLANG_ENABLE_OBJC_ARC = YES;
				CLANG_ENABLE_OBJC_WEAK = YES;
				CLANG_WARN_BLOCK_CAPTURE_AUTORELEASING = YES;
				CLANG_WARN_BOOL_CONVERSION = YES;
				CLANG_WARN_COMMA = YES;
				CLANG_WARN_CONSTANT_CONVERSION = YES;
				CLANG_WARN_DEPRECATED_OBJC_IMPLEMENTATIONS = YES;
				CLANG_WARN_DIRECT_OBJC_ISA_USAGE = YES_ERROR;
				CLANG_WARN_DOCUMENTATION_COMMENTS = YES;
				CLANG_WARN_EMPTY_BODY = YES;
				CLANG_WARN_ENUM_CONVERSION = YES;
				CLANG_WARN_INFINITE_RECURSION = YES;
				CLANG_WARN_INT_CONVERSION = YES;
				CLANG_WARN_NON_LITERAL_NULL_CONVERSION = YES;
				CLANG_WARN_OBJC_IMPLICIT_RETAIN_SELF = YES;
				CLANG_WARN_OBJC_LITERAL_CONVERSION = YES;
				CLANG_WARN_OBJC_ROOT_CLASS = YES_ERROR;
				CLANG_WARN_RANGE_LOOP_ANALYSIS = YES;
				CLANG_WARN_STRICT_PROTOTYPES = YES;
				CLANG_WARN_SUSPICIOUS_MOVE = YES;
				CLANG_WARN_UNGUARDED_AVAILABILITY = YES_AGGRESSIVE;
				CLANG_WARN_UNREACHABLE_CODE = YES;
				CLANG_WARN__DUPLICATE_METHOD_MATCH = YES;
				CODE_SIGN_IDENTITY = "-";
				COPY_PHASE_STRIP = NO;
				DEBUG_INFORMATION_FORMAT = "dwarf-with-dsym";
				DSTROOT = "$(PROJECT_DIR)/out";
				ENABLE_NS_ASSERTIONS = NO;
				ENABLE_STRICT_OBJC_MSGSEND = YES;
				GCC_C_LANGUAGE_STANDARD = gnu11;
				GCC_NO_COMMON_BLOCKS = YES;
				GCC_OPTIMIZATION_LEVEL = 3;
				GCC_TREAT_WARNINGS_AS_ERRORS = YES;
				GCC_WARN_64_TO_32_BIT_CONVERSION = YES;
				GCC_WARN_ABOUT_RETURN_TYPE = YES_ERROR;
				GCC_WARN_UNDECLARED_SELECTOR = YES;
				GCC_WARN_UNINITIALIZED_AUTOS = YES_AGGRESSIVE;
				GCC_WARN_UNUSED_FUNCTION = YES;
				GCC_WARN_UNUSED_VARIABLE = YES;
				HEADER_SEARCH_PATHS = "${PROJECT_DIR}/src";
				INSTALL_PATH = "$(PROJECT_DIR)/out";
				MACOSX_DEPLOYMENT_TARGET = 10.14;
				MTL_ENABLE_DEBUG_INFO = NO;
				MTL_FAST_MATH = YES;
				SDKROOT = macosx;
				SYMROOT = "$(PROJECT_DIR)/out";
				WARNING_CFLAGS = (
					"-Wall",
					"-Wextra",
					"-Wno-nullability-completeness",
				);
			};
			name = Release;
		};
		652F0EFF228DE72B00238560 /* Debug */ = {
			isa = XCBuildConfiguration;
			buildSettings = {
				ASSETCATALOG_COMPILER_APPICON_NAME = AppIcon;
				CODE_SIGN_ENTITLEMENTS = Mac/Spacetime.entitlements;
				CODE_SIGN_STYLE = Automatic;
				COMBINE_HIDPI_IMAGES = YES;
				DEVELOPMENT_TEAM = 9497RH3DKW;
				INFOPLIST_FILE = Mac/Info.plist;
				LD_RUNPATH_SEARCH_PATHS = (
					"$(inherited)",
					"@executable_path/../Frameworks",
				);
				PRODUCT_BUNDLE_IDENTIFIER = computer.spacetime.Spacetime;
				PRODUCT_NAME = "$(TARGET_NAME)";
			};
			name = Debug;
		};
		652F0F00228DE72B00238560 /* Release */ = {
			isa = XCBuildConfiguration;
			buildSettings = {
				ASSETCATALOG_COMPILER_APPICON_NAME = AppIcon;
				CODE_SIGN_ENTITLEMENTS = Mac/Spacetime.entitlements;
				CODE_SIGN_STYLE = Automatic;
				COMBINE_HIDPI_IMAGES = YES;
				DEVELOPMENT_TEAM = 9497RH3DKW;
				INFOPLIST_FILE = Mac/Info.plist;
				LD_RUNPATH_SEARCH_PATHS = (
					"$(inherited)",
					"@executable_path/../Frameworks",
				);
				PRODUCT_BUNDLE_IDENTIFIER = computer.spacetime.Spacetime;
				PRODUCT_NAME = "$(TARGET_NAME)";
			};
			name = Release;
		};
/* End XCBuildConfiguration section */

/* Begin XCConfigurationList section */
		652F0EE5228DE72B00238560 /* Build configuration list for PBXProject "Spacetime" */ = {
			isa = XCConfigurationList;
			buildConfigurations = (
				652F0EFC228DE72B00238560 /* Debug */,
				652F0EFD228DE72B00238560 /* Release */,
			);
			defaultConfigurationIsVisible = 0;
			defaultConfigurationName = Debug;
		};
		652F0EFE228DE72B00238560 /* Build configuration list for PBXNativeTarget "Spacetime" */ = {
			isa = XCConfigurationList;
			buildConfigurations = (
				652F0EFF228DE72B00238560 /* Debug */,
				652F0F00228DE72B00238560 /* Release */,
			);
			defaultConfigurationIsVisible = 0;
			defaultConfigurationName = Debug;
		};
/* End XCConfigurationList section */
	};
	rootObject = 652F0EE2228DE72B00238560 /* Project object */;
}
