// !$*UTF8*$!
{
	archiveVersion = 1;
	classes = {
	};
	objectVersion = 51;
	objects = {

/* Begin PBXBuildFile section */
		652F0EF4228DE72B00238560 /* Assets.xcassets in Resources */ = {isa = PBXBuildFile; fileRef = 652F0EF3228DE72B00238560 /* Assets.xcassets */; };
		656A1126228DFA2800DCAD49 /* MetalKit.framework in Frameworks */ = {isa = PBXBuildFile; fileRef = 656A1125228DFA2800DCAD49 /* MetalKit.framework */; };
		656B92D522BB1CE90005E72C /* command-queue.m in Sources */ = {isa = PBXBuildFile; fileRef = 656B923D22BB1CE90005E72C /* command-queue.m */; };
		656B92D622BB1CE90005E72C /* buffer.m in Sources */ = {isa = PBXBuildFile; fileRef = 656B923E22BB1CE90005E72C /* buffer.m */; };
		656B92D722BB1CE90005E72C /* command-encoder.m in Sources */ = {isa = PBXBuildFile; fileRef = 656B924022BB1CE90005E72C /* command-encoder.m */; };
		656B92D822BB1CE90005E72C /* shaders.metal in Sources */ = {isa = PBXBuildFile; fileRef = 656B924122BB1CE90005E72C /* shaders.metal */; };
		656B92D922BB1CE90005E72C /* function.m in Sources */ = {isa = PBXBuildFile; fileRef = 656B924222BB1CE90005E72C /* function.m */; };
		656B92DA22BB1CE90005E72C /* pipeline-state.m in Sources */ = {isa = PBXBuildFile; fileRef = 656B924322BB1CE90005E72C /* pipeline-state.m */; };
		656B92DB22BB1CE90005E72C /* command-buffer.m in Sources */ = {isa = PBXBuildFile; fileRef = 656B924522BB1CE90005E72C /* command-buffer.m */; };
		656B92DC22BB1CE90005E72C /* device.m in Sources */ = {isa = PBXBuildFile; fileRef = 656B924622BB1CE90005E72C /* device.m */; };
		656B92DD22BB1CE90005E72C /* view.m in Sources */ = {isa = PBXBuildFile; fileRef = 656B924722BB1CE90005E72C /* view.m */; };
		656B92E622BB1CE90005E72C /* renderer.c in Sources */ = {isa = PBXBuildFile; fileRef = 656B925522BB1CE90005E72C /* renderer.c */; };
		656B92E722BB1CE90005E72C /* manager.c in Sources */ = {isa = PBXBuildFile; fileRef = 656B925622BB1CE90005E72C /* manager.c */; };
		656B92EC22BB1CE90005E72C /* manager.c in Sources */ = {isa = PBXBuildFile; fileRef = 656B926422BB1CE90005E72C /* manager.c */; };
		656B92ED22BB1CE90005E72C /* camera.c in Sources */ = {isa = PBXBuildFile; fileRef = 656B926522BB1CE90005E72C /* camera.c */; };
		656B92EE22BB1CE90005E72C /* layout.c in Sources */ = {isa = PBXBuildFile; fileRef = 656B926722BB1CE90005E72C /* layout.c */; };
		656B92F122BB1CE90005E72C /* vector.c in Sources */ = {isa = PBXBuildFile; fileRef = 656B926B22BB1CE90005E72C /* vector.c */; };
		656B92F422BB1CE90005E72C /* manager.c in Sources */ = {isa = PBXBuildFile; fileRef = 656B927122BB1CE90005E72C /* manager.c */; };
		656B92F522BB1CE90005E72C /* view-matrix.c in Sources */ = {isa = PBXBuildFile; fileRef = 656B927322BB1CE90005E72C /* view-matrix.c */; };
		656B92F722BB1CE90005E72C /* vector.c in Sources */ = {isa = PBXBuildFile; fileRef = 656B927622BB1CE90005E72C /* vector.c */; };
		656B92FA22BB1CE90005E72C /* manager.c in Sources */ = {isa = PBXBuildFile; fileRef = 656B927B22BB1CE90005E72C /* manager.c */; };
		656B92FB22BB1CE90005E72C /* grid.c in Sources */ = {isa = PBXBuildFile; fileRef = 656B927D22BB1CE90005E72C /* grid.c */; };
		656B92FF22BB1CE90005E72C /* fnv.c in Sources */ = {isa = PBXBuildFile; fileRef = 656B928722BB1CE90005E72C /* fnv.c */; };
		656B930022BB1CE90005E72C /* quad.c in Sources */ = {isa = PBXBuildFile; fileRef = 656B928822BB1CE90005E72C /* quad.c */; };
		656B930222BB1CE90005E72C /* main.c in Sources */ = {isa = PBXBuildFile; fileRef = 656B928A22BB1CE90005E72C /* main.c */; };
		656B930422BB1CE90005E72C /* mesh.c in Sources */ = {isa = PBXBuildFile; fileRef = 656B928E22BB1CE90005E72C /* mesh.c */; };
		656B930722BB1CE90005E72C /* log.m in Sources */ = {isa = PBXBuildFile; fileRef = 656B929422BB1CE90005E72C /* log.m */; };
		656B930B22BB1CE90005E72C /* manager.c in Sources */ = {isa = PBXBuildFile; fileRef = 656B929922BB1CE90005E72C /* manager.c */; };
		656B931322BB1CE90005E72C /* event-queue.c in Sources */ = {isa = PBXBuildFile; fileRef = 656B92A322BB1CE90005E72C /* event-queue.c */; };
		656B931722BB1CE90005E72C /* screen.m in Sources */ = {isa = PBXBuildFile; fileRef = 656B92AD22BB1CE90005E72C /* screen.m */; };
		656B931822BB1CE90005E72C /* clock.c in Sources */ = {isa = PBXBuildFile; fileRef = 656B92AF22BB1CE90005E72C /* clock.c */; };
		656B931922BB1CE90005E72C /* event-loop.m in Sources */ = {isa = PBXBuildFile; fileRef = 656B92B022BB1CE90005E72C /* event-loop.m */; };
		656B931A22BB1CE90005E72C /* application.m in Sources */ = {isa = PBXBuildFile; fileRef = 656B92B122BB1CE90005E72C /* application.m */; };
		656B931B22BB1CE90005E72C /* window.m in Sources */ = {isa = PBXBuildFile; fileRef = 656B92B222BB1CE90005E72C /* window.m */; };
		656B931D22BB1CE90005E72C /* manager.c in Sources */ = {isa = PBXBuildFile; fileRef = 656B92B622BB1CE90005E72C /* manager.c */; };
		656B932322BB1CE90005E72C /* id-table.c in Sources */ = {isa = PBXBuildFile; fileRef = 656B92C122BB1CE90005E72C /* id-table.c */; };
		656B932422BB1CE90005E72C /* manager.c in Sources */ = {isa = PBXBuildFile; fileRef = 656B92C222BB1CE90005E72C /* manager.c */; };
		656B932522BB1CE90005E72C /* id.c in Sources */ = {isa = PBXBuildFile; fileRef = 656B92C322BB1CE90005E72C /* id.c */; };
		656B932622BB1CE90005E72C /* pointer-allocator.c in Sources */ = {isa = PBXBuildFile; fileRef = 656B92C522BB1CE90005E72C /* pointer-allocator.c */; };
		656B932722BB1CE90005E72C /* resource.c in Sources */ = {isa = PBXBuildFile; fileRef = 656B92C622BB1CE90005E72C /* resource.c */; };
		656B932A22BB1CE90005E72C /* manager.c in Sources */ = {isa = PBXBuildFile; fileRef = 656B92CC22BB1CE90005E72C /* manager.c */; };
		656B932D22BB1CE90005E72C /* manager.c in Sources */ = {isa = PBXBuildFile; fileRef = 656B92D222BB1CE90005E72C /* manager.c */; };
/* End PBXBuildFile section */

/* Begin PBXFileReference section */
		652F0EEA228DE72B00238560 /* Spacetime.app */ = {isa = PBXFileReference; explicitFileType = wrapper.application; includeInIndex = 0; path = Spacetime.app; sourceTree = BUILT_PRODUCTS_DIR; };
		652F0EF3228DE72B00238560 /* Assets.xcassets */ = {isa = PBXFileReference; lastKnownFileType = folder.assetcatalog; path = Assets.xcassets; sourceTree = "<group>"; };
		652F0EF8228DE72B00238560 /* Info.plist */ = {isa = PBXFileReference; lastKnownFileType = text.plist.xml; path = Info.plist; sourceTree = "<group>"; };
		656A1125228DFA2800DCAD49 /* MetalKit.framework */ = {isa = PBXFileReference; lastKnownFileType = wrapper.framework; name = MetalKit.framework; path = System/Library/Frameworks/MetalKit.framework; sourceTree = SDKROOT; };
		656B923822BB1CE90005E72C /* shader-types.h */ = {isa = PBXFileReference; fileEncoding = 4; lastKnownFileType = sourcecode.c.h; path = "shader-types.h"; sourceTree = "<group>"; };
		656B923A22BB1CE90005E72C /* device.h */ = {isa = PBXFileReference; fileEncoding = 4; lastKnownFileType = sourcecode.c.h; path = device.h; sourceTree = "<group>"; };
		656B923D22BB1CE90005E72C /* command-queue.m */ = {isa = PBXFileReference; fileEncoding = 4; lastKnownFileType = sourcecode.c.objc; path = "command-queue.m"; sourceTree = "<group>"; };
		656B923E22BB1CE90005E72C /* buffer.m */ = {isa = PBXFileReference; fileEncoding = 4; lastKnownFileType = sourcecode.c.objc; path = buffer.m; sourceTree = "<group>"; };
		656B923F22BB1CE90005E72C /* renderer.h */ = {isa = PBXFileReference; fileEncoding = 4; lastKnownFileType = sourcecode.c.h; path = renderer.h; sourceTree = "<group>"; };
		656B924022BB1CE90005E72C /* command-encoder.m */ = {isa = PBXFileReference; fileEncoding = 4; lastKnownFileType = sourcecode.c.objc; path = "command-encoder.m"; sourceTree = "<group>"; };
		656B924122BB1CE90005E72C /* shaders.metal */ = {isa = PBXFileReference; fileEncoding = 4; lastKnownFileType = sourcecode.metal; path = shaders.metal; sourceTree = "<group>"; };
		656B924222BB1CE90005E72C /* function.m */ = {isa = PBXFileReference; fileEncoding = 4; lastKnownFileType = sourcecode.c.objc; path = function.m; sourceTree = "<group>"; };
		656B924322BB1CE90005E72C /* pipeline-state.m */ = {isa = PBXFileReference; fileEncoding = 4; lastKnownFileType = sourcecode.c.objc; path = "pipeline-state.m"; sourceTree = "<group>"; };
		656B924422BB1CE90005E72C /* view.h */ = {isa = PBXFileReference; fileEncoding = 4; lastKnownFileType = sourcecode.c.h; path = view.h; sourceTree = "<group>"; };
		656B924522BB1CE90005E72C /* command-buffer.m */ = {isa = PBXFileReference; fileEncoding = 4; lastKnownFileType = sourcecode.c.objc; path = "command-buffer.m"; sourceTree = "<group>"; };
		656B924622BB1CE90005E72C /* device.m */ = {isa = PBXFileReference; fileEncoding = 4; lastKnownFileType = sourcecode.c.objc; path = device.m; sourceTree = "<group>"; };
		656B924722BB1CE90005E72C /* view.m */ = {isa = PBXFileReference; fileEncoding = 4; lastKnownFileType = sourcecode.c.objc; path = view.m; sourceTree = "<group>"; };
		656B924922BB1CE90005E72C /* manager.h */ = {isa = PBXFileReference; fileEncoding = 4; lastKnownFileType = sourcecode.c.h; path = manager.h; sourceTree = "<group>"; };
		656B924A22BB1CE90005E72C /* renderer.h */ = {isa = PBXFileReference; fileEncoding = 4; lastKnownFileType = sourcecode.c.h; path = renderer.h; sourceTree = "<group>"; };
		656B924D22BB1CE90005E72C /* view.h */ = {isa = PBXFileReference; fileEncoding = 4; lastKnownFileType = sourcecode.c.h; path = view.h; sourceTree = "<group>"; };
		656B924F22BB1CE90005E72C /* buffer.h */ = {isa = PBXFileReference; fileEncoding = 4; lastKnownFileType = sourcecode.c.h; path = buffer.h; sourceTree = "<group>"; };
		656B925022BB1CE90005E72C /* command-queue.h */ = {isa = PBXFileReference; fileEncoding = 4; lastKnownFileType = sourcecode.c.h; path = "command-queue.h"; sourceTree = "<group>"; };
		656B925522BB1CE90005E72C /* renderer.c */ = {isa = PBXFileReference; fileEncoding = 4; lastKnownFileType = sourcecode.c.c; path = renderer.c; sourceTree = "<group>"; };
		656B925622BB1CE90005E72C /* manager.c */ = {isa = PBXFileReference; fileEncoding = 4; lastKnownFileType = sourcecode.c.c; path = manager.c; sourceTree = "<group>"; };
		656B925822BB1CE90005E72C /* command-buffer.h */ = {isa = PBXFileReference; fileEncoding = 4; lastKnownFileType = sourcecode.c.h; path = "command-buffer.h"; sourceTree = "<group>"; };
		656B925922BB1CE90005E72C /* render-pass-descriptor.h */ = {isa = PBXFileReference; fileEncoding = 4; lastKnownFileType = sourcecode.c.h; path = "render-pass-descriptor.h"; sourceTree = "<group>"; };
		656B925A22BB1CE90005E72C /* pipeline-state.h */ = {isa = PBXFileReference; fileEncoding = 4; lastKnownFileType = sourcecode.c.h; path = "pipeline-state.h"; sourceTree = "<group>"; };
		656B925B22BB1CE90005E72C /* function.h */ = {isa = PBXFileReference; fileEncoding = 4; lastKnownFileType = sourcecode.c.h; path = function.h; sourceTree = "<group>"; };
		656B925C22BB1CE90005E72C /* render-pass-config.h */ = {isa = PBXFileReference; fileEncoding = 4; lastKnownFileType = sourcecode.c.h; path = "render-pass-config.h"; sourceTree = "<group>"; };
		656B925E22BB1CE90005E72C /* command-encoder.h */ = {isa = PBXFileReference; fileEncoding = 4; lastKnownFileType = sourcecode.c.h; path = "command-encoder.h"; sourceTree = "<group>"; };
		656B926122BB1CE90005E72C /* camera.h */ = {isa = PBXFileReference; fileEncoding = 4; lastKnownFileType = sourcecode.c.h; path = camera.h; sourceTree = "<group>"; };
		656B926222BB1CE90005E72C /* manager.h */ = {isa = PBXFileReference; fileEncoding = 4; lastKnownFileType = sourcecode.c.h; path = manager.h; sourceTree = "<group>"; };
		656B926422BB1CE90005E72C /* manager.c */ = {isa = PBXFileReference; fileEncoding = 4; lastKnownFileType = sourcecode.c.c; path = manager.c; sourceTree = "<group>"; };
		656B926522BB1CE90005E72C /* camera.c */ = {isa = PBXFileReference; fileEncoding = 4; lastKnownFileType = sourcecode.c.c; path = camera.c; sourceTree = "<group>"; };
		656B926722BB1CE90005E72C /* layout.c */ = {isa = PBXFileReference; fileEncoding = 4; lastKnownFileType = sourcecode.c.c; path = layout.c; sourceTree = "<group>"; };
		656B926A22BB1CE90005E72C /* viewport.h */ = {isa = PBXFileReference; fileEncoding = 4; lastKnownFileType = sourcecode.c.h; path = viewport.h; sourceTree = "<group>"; };
		656B926B22BB1CE90005E72C /* vector.c */ = {isa = PBXFileReference; fileEncoding = 4; lastKnownFileType = sourcecode.c.c; path = vector.c; sourceTree = "<group>"; };
		656B926C22BB1CE90005E72C /* manager.h */ = {isa = PBXFileReference; fileEncoding = 4; lastKnownFileType = sourcecode.c.h; path = manager.h; sourceTree = "<group>"; };
		656B926F22BB1CE90005E72C /* view-matrix.h */ = {isa = PBXFileReference; fileEncoding = 4; lastKnownFileType = sourcecode.c.h; path = "view-matrix.h"; sourceTree = "<group>"; };
		656B927022BB1CE90005E72C /* layout.h */ = {isa = PBXFileReference; fileEncoding = 4; lastKnownFileType = sourcecode.c.h; path = layout.h; sourceTree = "<group>"; };
		656B927122BB1CE90005E72C /* manager.c */ = {isa = PBXFileReference; fileEncoding = 4; lastKnownFileType = sourcecode.c.c; path = manager.c; sourceTree = "<group>"; };
		656B927222BB1CE90005E72C /* vector.h */ = {isa = PBXFileReference; fileEncoding = 4; lastKnownFileType = sourcecode.c.h; path = vector.h; sourceTree = "<group>"; };
		656B927322BB1CE90005E72C /* view-matrix.c */ = {isa = PBXFileReference; fileEncoding = 4; lastKnownFileType = sourcecode.c.c; path = "view-matrix.c"; sourceTree = "<group>"; };
		656B927622BB1CE90005E72C /* vector.c */ = {isa = PBXFileReference; fileEncoding = 4; lastKnownFileType = sourcecode.c.c; path = vector.c; sourceTree = "<group>"; };
		656B927722BB1CE90005E72C /* manager.h */ = {isa = PBXFileReference; fileEncoding = 4; lastKnownFileType = sourcecode.c.h; path = manager.h; sourceTree = "<group>"; };
		656B927A22BB1CE90005E72C /* grid.h */ = {isa = PBXFileReference; fileEncoding = 4; lastKnownFileType = sourcecode.c.h; path = grid.h; sourceTree = "<group>"; };
		656B927B22BB1CE90005E72C /* manager.c */ = {isa = PBXFileReference; fileEncoding = 4; lastKnownFileType = sourcecode.c.c; path = manager.c; sourceTree = "<group>"; };
		656B927C22BB1CE90005E72C /* vector.h */ = {isa = PBXFileReference; fileEncoding = 4; lastKnownFileType = sourcecode.c.h; path = vector.h; sourceTree = "<group>"; };
		656B927D22BB1CE90005E72C /* grid.c */ = {isa = PBXFileReference; fileEncoding = 4; lastKnownFileType = sourcecode.c.c; path = grid.c; sourceTree = "<group>"; };
		656B927E22BB1CE90005E72C /* spacetime.h */ = {isa = PBXFileReference; fileEncoding = 4; lastKnownFileType = sourcecode.c.h; path = spacetime.h; sourceTree = "<group>"; };
		656B928022BB1CE90005E72C /* fnv.h */ = {isa = PBXFileReference; fileEncoding = 4; lastKnownFileType = sourcecode.c.h; path = fnv.h; sourceTree = "<group>"; };
		656B928222BB1CE90005E72C /* quad.h */ = {isa = PBXFileReference; fileEncoding = 4; lastKnownFileType = sourcecode.c.h; path = quad.h; sourceTree = "<group>"; };
		656B928322BB1CE90005E72C /* bit.h */ = {isa = PBXFileReference; fileEncoding = 4; lastKnownFileType = sourcecode.c.h; path = bit.h; sourceTree = "<group>"; };
		656B928622BB1CE90005E72C /* inline-basic.h */ = {isa = PBXFileReference; fileEncoding = 4; lastKnownFileType = sourcecode.c.h; path = "inline-basic.h"; sourceTree = "<group>"; };
		656B928722BB1CE90005E72C /* fnv.c */ = {isa = PBXFileReference; fileEncoding = 4; lastKnownFileType = sourcecode.c.c; path = fnv.c; sourceTree = "<group>"; };
		656B928822BB1CE90005E72C /* quad.c */ = {isa = PBXFileReference; fileEncoding = 4; lastKnownFileType = sourcecode.c.c; path = quad.c; sourceTree = "<group>"; };
		656B928A22BB1CE90005E72C /* main.c */ = {isa = PBXFileReference; fileEncoding = 4; lastKnownFileType = sourcecode.c.c; path = main.c; sourceTree = "<group>"; };
		656B928D22BB1CE90005E72C /* mesh.h */ = {isa = PBXFileReference; fileEncoding = 4; lastKnownFileType = sourcecode.c.h; path = mesh.h; sourceTree = "<group>"; };
		656B928E22BB1CE90005E72C /* mesh.c */ = {isa = PBXFileReference; fileEncoding = 4; lastKnownFileType = sourcecode.c.c; path = mesh.c; sourceTree = "<group>"; };
		656B929022BB1CE90005E72C /* manager.h */ = {isa = PBXFileReference; fileEncoding = 4; lastKnownFileType = sourcecode.c.h; path = manager.h; sourceTree = "<group>"; };
		656B929422BB1CE90005E72C /* log.m */ = {isa = PBXFileReference; fileEncoding = 4; lastKnownFileType = sourcecode.c.objc; path = log.m; sourceTree = "<group>"; };
		656B929722BB1CE90005E72C /* log.h */ = {isa = PBXFileReference; fileEncoding = 4; lastKnownFileType = sourcecode.c.h; path = log.h; sourceTree = "<group>"; };
		656B929922BB1CE90005E72C /* manager.c */ = {isa = PBXFileReference; fileEncoding = 4; lastKnownFileType = sourcecode.c.c; path = manager.c; sourceTree = "<group>"; };
		656B929E22BB1CE90005E72C /* event-loop.h */ = {isa = PBXFileReference; fileEncoding = 4; lastKnownFileType = sourcecode.c.h; path = "event-loop.h"; sourceTree = "<group>"; };
		656B92A322BB1CE90005E72C /* event-queue.c */ = {isa = PBXFileReference; fileEncoding = 4; lastKnownFileType = sourcecode.c.c; path = "event-queue.c"; sourceTree = "<group>"; };
		656B92A422BB1CE90005E72C /* event.h */ = {isa = PBXFileReference; fileEncoding = 4; lastKnownFileType = sourcecode.c.h; path = event.h; sourceTree = "<group>"; };
		656B92A522BB1CE90005E72C /* application.h */ = {isa = PBXFileReference; fileEncoding = 4; lastKnownFileType = sourcecode.c.h; path = application.h; sourceTree = "<group>"; };
		656B92A622BB1CE90005E72C /* manager.h */ = {isa = PBXFileReference; fileEncoding = 4; lastKnownFileType = sourcecode.c.h; path = manager.h; sourceTree = "<group>"; };
		656B92A822BB1CE90005E72C /* window.h */ = {isa = PBXFileReference; fileEncoding = 4; lastKnownFileType = sourcecode.c.h; path = window.h; sourceTree = "<group>"; };
		656B92AC22BB1CE90005E72C /* application.h */ = {isa = PBXFileReference; fileEncoding = 4; lastKnownFileType = sourcecode.c.h; path = application.h; sourceTree = "<group>"; };
		656B92AD22BB1CE90005E72C /* screen.m */ = {isa = PBXFileReference; fileEncoding = 4; lastKnownFileType = sourcecode.c.objc; path = screen.m; sourceTree = "<group>"; };
		656B92AE22BB1CE90005E72C /* window.h */ = {isa = PBXFileReference; fileEncoding = 4; lastKnownFileType = sourcecode.c.h; path = window.h; sourceTree = "<group>"; };
		656B92AF22BB1CE90005E72C /* clock.c */ = {isa = PBXFileReference; fileEncoding = 4; lastKnownFileType = sourcecode.c.c; path = clock.c; sourceTree = "<group>"; };
		656B92B022BB1CE90005E72C /* event-loop.m */ = {isa = PBXFileReference; fileEncoding = 4; lastKnownFileType = sourcecode.c.objc; path = "event-loop.m"; sourceTree = "<group>"; };
		656B92B122BB1CE90005E72C /* application.m */ = {isa = PBXFileReference; fileEncoding = 4; lastKnownFileType = sourcecode.c.objc; path = application.m; sourceTree = "<group>"; };
		656B92B222BB1CE90005E72C /* window.m */ = {isa = PBXFileReference; fileEncoding = 4; lastKnownFileType = sourcecode.c.objc; path = window.m; sourceTree = "<group>"; };
		656B92B322BB1CE90005E72C /* event-queue.h */ = {isa = PBXFileReference; fileEncoding = 4; lastKnownFileType = sourcecode.c.h; path = "event-queue.h"; sourceTree = "<group>"; };
		656B92B522BB1CE90005E72C /* screen.h */ = {isa = PBXFileReference; fileEncoding = 4; lastKnownFileType = sourcecode.c.h; path = screen.h; sourceTree = "<group>"; };
		656B92B622BB1CE90005E72C /* manager.c */ = {isa = PBXFileReference; fileEncoding = 4; lastKnownFileType = sourcecode.c.c; path = manager.c; sourceTree = "<group>"; };
		656B92B822BB1CE90005E72C /* clock.h */ = {isa = PBXFileReference; fileEncoding = 4; lastKnownFileType = sourcecode.c.h; path = clock.h; sourceTree = "<group>"; };
		656B92BC22BB1CE90005E72C /* id-table.h */ = {isa = PBXFileReference; fileEncoding = 4; lastKnownFileType = sourcecode.c.h; path = "id-table.h"; sourceTree = "<group>"; };
		656B92BE22BB1CE90005E72C /* manager.h */ = {isa = PBXFileReference; fileEncoding = 4; lastKnownFileType = sourcecode.c.h; path = manager.h; sourceTree = "<group>"; };
		656B92C022BB1CE90005E72C /* id.h */ = {isa = PBXFileReference; fileEncoding = 4; lastKnownFileType = sourcecode.c.h; path = id.h; sourceTree = "<group>"; };
		656B92C122BB1CE90005E72C /* id-table.c */ = {isa = PBXFileReference; fileEncoding = 4; lastKnownFileType = sourcecode.c.c; path = "id-table.c"; sourceTree = "<group>"; };
		656B92C222BB1CE90005E72C /* manager.c */ = {isa = PBXFileReference; fileEncoding = 4; lastKnownFileType = sourcecode.c.c; path = manager.c; sourceTree = "<group>"; };
		656B92C322BB1CE90005E72C /* id.c */ = {isa = PBXFileReference; fileEncoding = 4; lastKnownFileType = sourcecode.c.c; path = id.c; sourceTree = "<group>"; };
		656B92C522BB1CE90005E72C /* pointer-allocator.c */ = {isa = PBXFileReference; fileEncoding = 4; lastKnownFileType = sourcecode.c.c; path = "pointer-allocator.c"; sourceTree = "<group>"; };
		656B92C622BB1CE90005E72C /* resource.c */ = {isa = PBXFileReference; fileEncoding = 4; lastKnownFileType = sourcecode.c.c; path = resource.c; sourceTree = "<group>"; };
		656B92C822BB1CE90005E72C /* manager.h */ = {isa = PBXFileReference; fileEncoding = 4; lastKnownFileType = sourcecode.c.h; path = manager.h; sourceTree = "<group>"; };
		656B92CA22BB1CE90005E72C /* pointer-allocator.h */ = {isa = PBXFileReference; fileEncoding = 4; lastKnownFileType = sourcecode.c.h; path = "pointer-allocator.h"; sourceTree = "<group>"; };
		656B92CB22BB1CE90005E72C /* resource.h */ = {isa = PBXFileReference; fileEncoding = 4; lastKnownFileType = sourcecode.c.h; path = resource.h; sourceTree = "<group>"; };
		656B92CC22BB1CE90005E72C /* manager.c */ = {isa = PBXFileReference; fileEncoding = 4; lastKnownFileType = sourcecode.c.c; path = manager.c; sourceTree = "<group>"; };
		656B92CF22BB1CE90005E72C /* profile.h */ = {isa = PBXFileReference; fileEncoding = 4; lastKnownFileType = sourcecode.c.h; path = profile.h; sourceTree = "<group>"; };
		656B92D022BB1CE90005E72C /* manager.h */ = {isa = PBXFileReference; fileEncoding = 4; lastKnownFileType = sourcecode.c.h; path = manager.h; sourceTree = "<group>"; };
		656B92D222BB1CE90005E72C /* manager.c */ = {isa = PBXFileReference; fileEncoding = 4; lastKnownFileType = sourcecode.c.c; path = manager.c; sourceTree = "<group>"; };
		65B6118B228F3F9C0062EB4C /* Spacetime.entitlements */ = {isa = PBXFileReference; fileEncoding = 4; lastKnownFileType = text.plist.entitlements; path = Spacetime.entitlements; sourceTree = "<group>"; };
/* End PBXFileReference section */

/* Begin PBXFrameworksBuildPhase section */
		652F0EE7228DE72B00238560 /* Frameworks */ = {
			isa = PBXFrameworksBuildPhase;
			buildActionMask = 2147483647;
			files = (
				656A1126228DFA2800DCAD49 /* MetalKit.framework in Frameworks */,
			);
			runOnlyForDeploymentPostprocessing = 0;
		};
/* End PBXFrameworksBuildPhase section */

/* Begin PBXGroup section */
		652F0EE1228DE72B00238560 = {
			isa = PBXGroup;
			children = (
				656B923622BB1CE90005E72C /* src */,
				652F0EEC228DE72B00238560 /* macOS */,
				652F0EEB228DE72B00238560 /* Products */,
				656A1124228DFA2800DCAD49 /* Frameworks */,
			);
			sourceTree = "<group>";
		};
		652F0EEB228DE72B00238560 /* Products */ = {
			isa = PBXGroup;
			children = (
				652F0EEA228DE72B00238560 /* Spacetime.app */,
			);
			name = Products;
			sourceTree = "<group>";
		};
		652F0EEC228DE72B00238560 /* macOS */ = {
			isa = PBXGroup;
			children = (
				652F0EF3228DE72B00238560 /* Assets.xcassets */,
				65B6118B228F3F9C0062EB4C /* Spacetime.entitlements */,
				652F0EF8228DE72B00238560 /* Info.plist */,
			);
			path = macOS;
			sourceTree = "<group>";
		};
		656A1124228DFA2800DCAD49 /* Frameworks */ = {
			isa = PBXGroup;
			children = (
				656A1125228DFA2800DCAD49 /* MetalKit.framework */,
			);
			name = Frameworks;
			sourceTree = "<group>";
		};
		656B923622BB1CE90005E72C /* src */ = {
			isa = PBXGroup;
			children = (
				656B923722BB1CE90005E72C /* gpu */,
				656B925F22BB1CE90005E72C /* camera */,
				656B926622BB1CE90005E72C /* render */,
				656B927422BB1CE90005E72C /* world */,
				656B927E22BB1CE90005E72C /* spacetime.h */,
				656B927F22BB1CE90005E72C /* math */,
				656B928A22BB1CE90005E72C /* main.c */,
				656B928B22BB1CE90005E72C /* model */,
				656B928F22BB1CE90005E72C /* log */,
				656B929A22BB1CE90005E72C /* os */,
				656B92BA22BB1CE90005E72C /* string */,
				656B92C422BB1CE90005E72C /* resource */,
				656B92CE22BB1CE90005E72C /* engine */,
			);
			path = src;
			sourceTree = "<group>";
		};
		656B923722BB1CE90005E72C /* gpu */ = {
			isa = PBXGroup;
			children = (
				656B923822BB1CE90005E72C /* shader-types.h */,
				656B923A22BB1CE90005E72C /* device.h */,
				656B923C22BB1CE90005E72C /* metal */,
				656B924922BB1CE90005E72C /* manager.h */,
				656B924A22BB1CE90005E72C /* renderer.h */,
				656B924D22BB1CE90005E72C /* view.h */,
				656B924F22BB1CE90005E72C /* buffer.h */,
				656B925022BB1CE90005E72C /* command-queue.h */,
				656B925522BB1CE90005E72C /* renderer.c */,
				656B925622BB1CE90005E72C /* manager.c */,
				656B925822BB1CE90005E72C /* command-buffer.h */,
				656B925922BB1CE90005E72C /* render-pass-descriptor.h */,
				656B925A22BB1CE90005E72C /* pipeline-state.h */,
				656B925B22BB1CE90005E72C /* function.h */,
				656B925C22BB1CE90005E72C /* render-pass-config.h */,
				656B925E22BB1CE90005E72C /* command-encoder.h */,
			);
			path = gpu;
			sourceTree = "<group>";
		};
		656B923C22BB1CE90005E72C /* metal */ = {
			isa = PBXGroup;
			children = (
				656B923D22BB1CE90005E72C /* command-queue.m */,
				656B923E22BB1CE90005E72C /* buffer.m */,
				656B923F22BB1CE90005E72C /* renderer.h */,
				656B924022BB1CE90005E72C /* command-encoder.m */,
				656B924122BB1CE90005E72C /* shaders.metal */,
				656B924222BB1CE90005E72C /* function.m */,
				656B924322BB1CE90005E72C /* pipeline-state.m */,
				656B924422BB1CE90005E72C /* view.h */,
				656B924522BB1CE90005E72C /* command-buffer.m */,
				656B924622BB1CE90005E72C /* device.m */,
				656B924722BB1CE90005E72C /* view.m */,
			);
			path = metal;
			sourceTree = "<group>";
		};
		656B925F22BB1CE90005E72C /* camera */ = {
			isa = PBXGroup;
			children = (
				656B926122BB1CE90005E72C /* camera.h */,
				656B926222BB1CE90005E72C /* manager.h */,
				656B926422BB1CE90005E72C /* manager.c */,
				656B926522BB1CE90005E72C /* camera.c */,
			);
			path = camera;
			sourceTree = "<group>";
		};
		656B926622BB1CE90005E72C /* render */ = {
			isa = PBXGroup;
			children = (
				656B926722BB1CE90005E72C /* layout.c */,
				656B926A22BB1CE90005E72C /* viewport.h */,
				656B926B22BB1CE90005E72C /* vector.c */,
				656B926C22BB1CE90005E72C /* manager.h */,
				656B926F22BB1CE90005E72C /* view-matrix.h */,
				656B927022BB1CE90005E72C /* layout.h */,
				656B927122BB1CE90005E72C /* manager.c */,
				656B927222BB1CE90005E72C /* vector.h */,
				656B927322BB1CE90005E72C /* view-matrix.c */,
			);
			path = render;
			sourceTree = "<group>";
		};
		656B927422BB1CE90005E72C /* world */ = {
			isa = PBXGroup;
			children = (
				656B927622BB1CE90005E72C /* vector.c */,
				656B927722BB1CE90005E72C /* manager.h */,
				656B927A22BB1CE90005E72C /* grid.h */,
				656B927B22BB1CE90005E72C /* manager.c */,
				656B927C22BB1CE90005E72C /* vector.h */,
				656B927D22BB1CE90005E72C /* grid.c */,
			);
			path = world;
			sourceTree = "<group>";
		};
		656B927F22BB1CE90005E72C /* math */ = {
			isa = PBXGroup;
			children = (
				656B928022BB1CE90005E72C /* fnv.h */,
				656B928222BB1CE90005E72C /* quad.h */,
				656B928322BB1CE90005E72C /* bit.h */,
				656B928622BB1CE90005E72C /* inline-basic.h */,
				656B928722BB1CE90005E72C /* fnv.c */,
				656B928822BB1CE90005E72C /* quad.c */,
			);
			path = math;
			sourceTree = "<group>";
		};
		656B928B22BB1CE90005E72C /* model */ = {
			isa = PBXGroup;
			children = (
				656B928D22BB1CE90005E72C /* mesh.h */,
				656B928E22BB1CE90005E72C /* mesh.c */,
			);
			path = model;
			sourceTree = "<group>";
		};
		656B928F22BB1CE90005E72C /* log */ = {
			isa = PBXGroup;
			children = (
				656B929022BB1CE90005E72C /* manager.h */,
				656B929322BB1CE90005E72C /* mac */,
				656B929722BB1CE90005E72C /* log.h */,
				656B929922BB1CE90005E72C /* manager.c */,
			);
			path = log;
			sourceTree = "<group>";
		};
		656B929322BB1CE90005E72C /* mac */ = {
			isa = PBXGroup;
			children = (
				656B929422BB1CE90005E72C /* log.m */,
			);
			path = mac;
			sourceTree = "<group>";
		};
		656B929A22BB1CE90005E72C /* os */ = {
			isa = PBXGroup;
			children = (
				656B929E22BB1CE90005E72C /* event-loop.h */,
				656B92A322BB1CE90005E72C /* event-queue.c */,
				656B92A422BB1CE90005E72C /* event.h */,
				656B92A522BB1CE90005E72C /* application.h */,
				656B92A622BB1CE90005E72C /* manager.h */,
				656B92A822BB1CE90005E72C /* window.h */,
				656B92AA22BB1CE90005E72C /* mac */,
				656B92B322BB1CE90005E72C /* event-queue.h */,
				656B92B522BB1CE90005E72C /* screen.h */,
				656B92B622BB1CE90005E72C /* manager.c */,
				656B92B822BB1CE90005E72C /* clock.h */,
			);
			path = os;
			sourceTree = "<group>";
		};
		656B92AA22BB1CE90005E72C /* mac */ = {
			isa = PBXGroup;
			children = (
				656B92AC22BB1CE90005E72C /* application.h */,
				656B92AD22BB1CE90005E72C /* screen.m */,
				656B92AE22BB1CE90005E72C /* window.h */,
				656B92AF22BB1CE90005E72C /* clock.c */,
				656B92B022BB1CE90005E72C /* event-loop.m */,
				656B92B122BB1CE90005E72C /* application.m */,
				656B92B222BB1CE90005E72C /* window.m */,
			);
			path = mac;
			sourceTree = "<group>";
		};
		656B92BA22BB1CE90005E72C /* string */ = {
			isa = PBXGroup;
			children = (
				656B92BC22BB1CE90005E72C /* id-table.h */,
				656B92BE22BB1CE90005E72C /* manager.h */,
				656B92C022BB1CE90005E72C /* id.h */,
				656B92C122BB1CE90005E72C /* id-table.c */,
				656B92C222BB1CE90005E72C /* manager.c */,
				656B92C322BB1CE90005E72C /* id.c */,
			);
			path = string;
			sourceTree = "<group>";
		};
		656B92C422BB1CE90005E72C /* resource */ = {
			isa = PBXGroup;
			children = (
				656B92C522BB1CE90005E72C /* pointer-allocator.c */,
				656B92C622BB1CE90005E72C /* resource.c */,
				656B92C822BB1CE90005E72C /* manager.h */,
				656B92CA22BB1CE90005E72C /* pointer-allocator.h */,
				656B92CB22BB1CE90005E72C /* resource.h */,
				656B92CC22BB1CE90005E72C /* manager.c */,
			);
			path = resource;
			sourceTree = "<group>";
		};
		656B92CE22BB1CE90005E72C /* engine */ = {
			isa = PBXGroup;
			children = (
				656B92CF22BB1CE90005E72C /* profile.h */,
				656B92D022BB1CE90005E72C /* manager.h */,
				656B92D222BB1CE90005E72C /* manager.c */,
			);
			path = engine;
			sourceTree = "<group>";
		};
/* End PBXGroup section */

/* Begin PBXNativeTarget section */
		652F0EE9228DE72B00238560 /* Spacetime */ = {
			isa = PBXNativeTarget;
			buildConfigurationList = 652F0EFE228DE72B00238560 /* Build configuration list for PBXNativeTarget "Spacetime" */;
			buildPhases = (
				652F0EE6228DE72B00238560 /* Sources */,
				652F0EE7228DE72B00238560 /* Frameworks */,
				652F0EE8228DE72B00238560 /* Resources */,
			);
			buildRules = (
			);
			dependencies = (
			);
			name = Spacetime;
			productName = Spacetime;
			productReference = 652F0EEA228DE72B00238560 /* Spacetime.app */;
			productType = "com.apple.product-type.application";
		};
/* End PBXNativeTarget section */

/* Begin PBXProject section */
		652F0EE2228DE72B00238560 /* Project object */ = {
			isa = PBXProject;
			attributes = {
				LastUpgradeCheck = 1020;
				ORGANIZATIONNAME = "Jacob Sandlund";
				TargetAttributes = {
					652F0EE9228DE72B00238560 = {
						CreatedOnToolsVersion = 10.2.1;
					};
				};
			};
			buildConfigurationList = 652F0EE5228DE72B00238560 /* Build configuration list for PBXProject "Spacetime" */;
			compatibilityVersion = "Xcode 10.0";
			developmentRegion = en;
			hasScannedForEncodings = 0;
			knownRegions = (
				en,
				Base,
			);
			mainGroup = 652F0EE1228DE72B00238560;
			productRefGroup = 652F0EEB228DE72B00238560 /* Products */;
			projectDirPath = "";
			projectRoot = "";
			targets = (
				652F0EE9228DE72B00238560 /* Spacetime */,
			);
		};
/* End PBXProject section */

/* Begin PBXResourcesBuildPhase section */
		652F0EE8228DE72B00238560 /* Resources */ = {
			isa = PBXResourcesBuildPhase;
			buildActionMask = 2147483647;
			files = (
				652F0EF4228DE72B00238560 /* Assets.xcassets in Resources */,
			);
			runOnlyForDeploymentPostprocessing = 0;
		};
/* End PBXResourcesBuildPhase section */

/* Begin PBXSourcesBuildPhase section */
		652F0EE6228DE72B00238560 /* Sources */ = {
			isa = PBXSourcesBuildPhase;
			buildActionMask = 2147483647;
			files = (
				656B92DD22BB1CE90005E72C /* view.m in Sources */,
				656B931A22BB1CE90005E72C /* application.m in Sources */,
				656B92D922BB1CE90005E72C /* function.m in Sources */,
				656B932322BB1CE90005E72C /* id-table.c in Sources */,
				656B930022BB1CE90005E72C /* quad.c in Sources */,
				656B92D622BB1CE90005E72C /* buffer.m in Sources */,
				656B932522BB1CE90005E72C /* id.c in Sources */,
				656B92ED22BB1CE90005E72C /* camera.c in Sources */,
				656B932422BB1CE90005E72C /* manager.c in Sources */,
				656B92FF22BB1CE90005E72C /* fnv.c in Sources */,
				656B930722BB1CE90005E72C /* log.m in Sources */,
				656B92D822BB1CE90005E72C /* shaders.metal in Sources */,
				656B92DB22BB1CE90005E72C /* command-buffer.m in Sources */,
				656B92F522BB1CE90005E72C /* view-matrix.c in Sources */,
				656B92FB22BB1CE90005E72C /* grid.c in Sources */,
				656B92EC22BB1CE90005E72C /* manager.c in Sources */,
				656B92FA22BB1CE90005E72C /* manager.c in Sources */,
				656B92F422BB1CE90005E72C /* manager.c in Sources */,
				656B931B22BB1CE90005E72C /* window.m in Sources */,
				656B932622BB1CE90005E72C /* pointer-allocator.c in Sources */,
				656B92D522BB1CE90005E72C /* command-queue.m in Sources */,
				656B92E622BB1CE90005E72C /* renderer.c in Sources */,
				656B92DC22BB1CE90005E72C /* device.m in Sources */,
				656B930B22BB1CE90005E72C /* manager.c in Sources */,
				656B92F122BB1CE90005E72C /* vector.c in Sources */,
				656B92D722BB1CE90005E72C /* command-encoder.m in Sources */,
				656B931722BB1CE90005E72C /* screen.m in Sources */,
				656B930422BB1CE90005E72C /* mesh.c in Sources */,
				656B932D22BB1CE90005E72C /* manager.c in Sources */,
				656B92EE22BB1CE90005E72C /* layout.c in Sources */,
				656B932A22BB1CE90005E72C /* manager.c in Sources */,
				656B931322BB1CE90005E72C /* event-queue.c in Sources */,
				656B932722BB1CE90005E72C /* resource.c in Sources */,
				656B931D22BB1CE90005E72C /* manager.c in Sources */,
				656B92F722BB1CE90005E72C /* vector.c in Sources */,
				656B930222BB1CE90005E72C /* main.c in Sources */,
				656B92E722BB1CE90005E72C /* manager.c in Sources */,
				656B931822BB1CE90005E72C /* clock.c in Sources */,
				656B92DA22BB1CE90005E72C /* pipeline-state.m in Sources */,
				656B931922BB1CE90005E72C /* event-loop.m in Sources */,
			);
			runOnlyForDeploymentPostprocessing = 0;
		};
/* End PBXSourcesBuildPhase section */

/* Begin XCBuildConfiguration section */
		652F0EFC228DE72B00238560 /* Debug */ = {
			isa = XCBuildConfiguration;
			buildSettings = {
				ALWAYS_SEARCH_USER_PATHS = NO;
				CLANG_ANALYZER_NONNULL = YES;
				CLANG_ANALYZER_NUMBER_OBJECT_CONVERSION = YES_AGGRESSIVE;
				CLANG_CXX_LANGUAGE_STANDARD = "gnu++0x";
				CLANG_CXX_LIBRARY = "libc++";
				CLANG_ENABLE_MODULES = YES;
				CLANG_ENABLE_OBJC_ARC = YES;
				CLANG_ENABLE_OBJC_WEAK = YES;
				CLANG_WARN_BLOCK_CAPTURE_AUTORELEASING = YES;
				CLANG_WARN_BOOL_CONVERSION = YES;
				CLANG_WARN_COMMA = YES;
				CLANG_WARN_CONSTANT_CONVERSION = YES;
				CLANG_WARN_DEPRECATED_OBJC_IMPLEMENTATIONS = YES;
				CLANG_WARN_DIRECT_OBJC_ISA_USAGE = YES_ERROR;
				CLANG_WARN_DOCUMENTATION_COMMENTS = YES;
				CLANG_WARN_EMPTY_BODY = YES;
				CLANG_WARN_ENUM_CONVERSION = YES;
				CLANG_WARN_INFINITE_RECURSION = YES;
				CLANG_WARN_INT_CONVERSION = YES;
				CLANG_WARN_NON_LITERAL_NULL_CONVERSION = YES;
				CLANG_WARN_OBJC_IMPLICIT_RETAIN_SELF = YES;
				CLANG_WARN_OBJC_LITERAL_CONVERSION = YES;
				CLANG_WARN_OBJC_ROOT_CLASS = YES_ERROR;
				CLANG_WARN_RANGE_LOOP_ANALYSIS = YES;
				CLANG_WARN_STRICT_PROTOTYPES = YES;
				CLANG_WARN_SUSPICIOUS_MOVE = YES;
				CLANG_WARN_UNGUARDED_AVAILABILITY = YES_AGGRESSIVE;
				CLANG_WARN_UNREACHABLE_CODE = YES;
				CLANG_WARN__DUPLICATE_METHOD_MATCH = YES;
				CODE_SIGN_IDENTITY = "-";
				COPY_PHASE_STRIP = NO;
				DEBUG_INFORMATION_FORMAT = dwarf;
				DSTROOT = "$(PROJECT_DIR)/out";
				ENABLE_STRICT_OBJC_MSGSEND = YES;
				ENABLE_TESTABILITY = YES;
				GCC_C_LANGUAGE_STANDARD = gnu11;
				GCC_DYNAMIC_NO_PIC = NO;
				GCC_NO_COMMON_BLOCKS = YES;
				GCC_OPTIMIZATION_LEVEL = 1;
				GCC_PREPROCESSOR_DEFINITIONS = (
					"DEBUG=1",
					"$(inherited)",
				);
				GCC_TREAT_WARNINGS_AS_ERRORS = YES;
				GCC_WARN_64_TO_32_BIT_CONVERSION = YES;
				GCC_WARN_ABOUT_RETURN_TYPE = YES_ERROR;
				GCC_WARN_UNDECLARED_SELECTOR = YES;
				GCC_WARN_UNINITIALIZED_AUTOS = YES_AGGRESSIVE;
				GCC_WARN_UNUSED_FUNCTION = YES;
				GCC_WARN_UNUSED_VARIABLE = YES;
				HEADER_SEARCH_PATHS = "${PROJECT_DIR}/src";
				INSTALL_PATH = "$(PROJECT_DIR)/out";
				MACOSX_DEPLOYMENT_TARGET = 10.14;
				MTL_ENABLE_DEBUG_INFO = INCLUDE_SOURCE;
				MTL_FAST_MATH = YES;
				ONLY_ACTIVE_ARCH = YES;
				SDKROOT = macosx;
				SYMROOT = "$(PROJECT_DIR)/out";
				WARNING_CFLAGS = (
					"-Wall",
					"-Wextra",
					"-Wno-nullability-completeness",
				);
			};
			name = Debug;
		};
		652F0EFD228DE72B00238560 /* Release */ = {
			isa = XCBuildConfiguration;
			buildSettings = {
				ALWAYS_SEARCH_USER_PATHS = NO;
				CLANG_ANALYZER_NONNULL = YES;
				CLANG_ANALYZER_NUMBER_OBJECT_CONVERSION = YES_AGGRESSIVE;
				CLANG_CXX_LANGUAGE_STANDARD = "gnu++0x";
				CLANG_CXX_LIBRARY = "libc++";
				CLANG_ENABLE_MODULES = YES;
				CLANG_ENABLE_OBJC_ARC = YES;
				CLANG_ENABLE_OBJC_WEAK = YES;
				CLANG_WARN_BLOCK_CAPTURE_AUTORELEASING = YES;
				CLANG_WARN_BOOL_CONVERSION = YES;
				CLANG_WARN_COMMA = YES;
				CLANG_WARN_CONSTANT_CONVERSION = YES;
				CLANG_WARN_DEPRECATED_OBJC_IMPLEMENTATIONS = YES;
				CLANG_WARN_DIRECT_OBJC_ISA_USAGE = YES_ERROR;
				CLANG_WARN_DOCUMENTATION_COMMENTS = YES;
				CLANG_WARN_EMPTY_BODY = YES;
				CLANG_WARN_ENUM_CONVERSION = YES;
				CLANG_WARN_INFINITE_RECURSION = YES;
				CLANG_WARN_INT_CONVERSION = YES;
				CLANG_WARN_NON_LITERAL_NULL_CONVERSION = YES;
				CLANG_WARN_OBJC_IMPLICIT_RETAIN_SELF = YES;
				CLANG_WARN_OBJC_LITERAL_CONVERSION = YES;
				CLANG_WARN_OBJC_ROOT_CLASS = YES_ERROR;
				CLANG_WARN_RANGE_LOOP_ANALYSIS = YES;
				CLANG_WARN_STRICT_PROTOTYPES = YES;
				CLANG_WARN_SUSPICIOUS_MOVE = YES;
				CLANG_WARN_UNGUARDED_AVAILABILITY = YES_AGGRESSIVE;
				CLANG_WARN_UNREACHABLE_CODE = YES;
				CLANG_WARN__DUPLICATE_METHOD_MATCH = YES;
				CODE_SIGN_IDENTITY = "-";
				COPY_PHASE_STRIP = NO;
				DEBUG_INFORMATION_FORMAT = "dwarf-with-dsym";
				DSTROOT = "$(PROJECT_DIR)/out";
				ENABLE_NS_ASSERTIONS = NO;
				ENABLE_STRICT_OBJC_MSGSEND = YES;
				GCC_C_LANGUAGE_STANDARD = gnu11;
				GCC_NO_COMMON_BLOCKS = YES;
				GCC_OPTIMIZATION_LEVEL = 3;
				GCC_TREAT_WARNINGS_AS_ERRORS = YES;
				GCC_WARN_64_TO_32_BIT_CONVERSION = YES;
				GCC_WARN_ABOUT_RETURN_TYPE = YES_ERROR;
				GCC_WARN_UNDECLARED_SELECTOR = YES;
				GCC_WARN_UNINITIALIZED_AUTOS = YES_AGGRESSIVE;
				GCC_WARN_UNUSED_FUNCTION = YES;
				GCC_WARN_UNUSED_VARIABLE = YES;
				HEADER_SEARCH_PATHS = "${PROJECT_DIR}/src";
				INSTALL_PATH = "$(PROJECT_DIR)/out";
				MACOSX_DEPLOYMENT_TARGET = 10.14;
				MTL_ENABLE_DEBUG_INFO = NO;
				MTL_FAST_MATH = YES;
				SDKROOT = macosx;
				SYMROOT = "$(PROJECT_DIR)/out";
				WARNING_CFLAGS = (
					"-Wall",
					"-Wextra",
					"-Wno-nullability-completeness",
				);
			};
			name = Release;
		};
		652F0EFF228DE72B00238560 /* Debug */ = {
			isa = XCBuildConfiguration;
			buildSettings = {
				ASSETCATALOG_COMPILER_APPICON_NAME = AppIcon;
				CODE_SIGN_ENTITLEMENTS = macOS/Spacetime.entitlements;
				CODE_SIGN_STYLE = Automatic;
				COMBINE_HIDPI_IMAGES = YES;
				DEVELOPMENT_TEAM = 9497RH3DKW;
				INFOPLIST_FILE = macOS/Info.plist;
				LD_RUNPATH_SEARCH_PATHS = (
					"$(inherited)",
					"@executable_path/../Frameworks",
				);
				PRODUCT_BUNDLE_IDENTIFIER = computer.spacetime.Spacetime;
				PRODUCT_NAME = "$(TARGET_NAME)";
			};
			name = Debug;
		};
		652F0F00228DE72B00238560 /* Release */ = {
			isa = XCBuildConfiguration;
			buildSettings = {
				ASSETCATALOG_COMPILER_APPICON_NAME = AppIcon;
				CODE_SIGN_ENTITLEMENTS = macOS/Spacetime.entitlements;
				CODE_SIGN_STYLE = Automatic;
				COMBINE_HIDPI_IMAGES = YES;
				DEVELOPMENT_TEAM = 9497RH3DKW;
				INFOPLIST_FILE = macOS/Info.plist;
				LD_RUNPATH_SEARCH_PATHS = (
					"$(inherited)",
					"@executable_path/../Frameworks",
				);
				PRODUCT_BUNDLE_IDENTIFIER = computer.spacetime.Spacetime;
				PRODUCT_NAME = "$(TARGET_NAME)";
			};
			name = Release;
		};
/* End XCBuildConfiguration section */

/* Begin XCConfigurationList section */
		652F0EE5228DE72B00238560 /* Build configuration list for PBXProject "Spacetime" */ = {
			isa = XCConfigurationList;
			buildConfigurations = (
				652F0EFC228DE72B00238560 /* Debug */,
				652F0EFD228DE72B00238560 /* Release */,
			);
			defaultConfigurationIsVisible = 0;
			defaultConfigurationName = Debug;
		};
		652F0EFE228DE72B00238560 /* Build configuration list for PBXNativeTarget "Spacetime" */ = {
			isa = XCConfigurationList;
			buildConfigurations = (
				652F0EFF228DE72B00238560 /* Debug */,
				652F0F00228DE72B00238560 /* Release */,
			);
			defaultConfigurationIsVisible = 0;
			defaultConfigurationName = Debug;
		};
/* End XCConfigurationList section */
	};
	rootObject = 652F0EE2228DE72B00238560 /* Project object */;
}
